// !$*UTF8*$!
{
	archiveVersion = 1;
	classes = {
	};
	objectVersion = 46;
	objects = {

/* Begin PBXBuildFile section */
		510D3ABB1B6B657F00D1A07F /* CalculatorBrain.swift in Sources */ = {isa = PBXBuildFile; fileRef = 510D3AB51B6B657F00D1A07F /* CalculatorBrain.swift */; };
		510D3ABC1B6B657F00D1A07F /* Dictionary_English.plist in Resources */ = {isa = PBXBuildFile; fileRef = 510D3AB61B6B657F00D1A07F /* Dictionary_English.plist */; };
		510D3ABE1B6B657F00D1A07F /* Evaluator.swift in Sources */ = {isa = PBXBuildFile; fileRef = 510D3AB81B6B657F00D1A07F /* Evaluator.swift */; };
		510D3ABF1B6B657F00D1A07F /* Glossary.swift in Sources */ = {isa = PBXBuildFile; fileRef = 510D3AB91B6B657F00D1A07F /* Glossary.swift */; };
		510D3AC01B6B657F00D1A07F /* NaturalLanguageParser.swift in Sources */ = {isa = PBXBuildFile; fileRef = 510D3ABA1B6B657F00D1A07F /* NaturalLanguageParser.swift */; };
		510D3AC21B6B659E00D1A07F /* KeypadViewController.swift in Sources */ = {isa = PBXBuildFile; fileRef = 510D3AC11B6B659E00D1A07F /* KeypadViewController.swift */; };
		5117D8461B941A2B003DF8DA /* CalculatorBrain.swift in Sources */ = {isa = PBXBuildFile; fileRef = 510D3AB51B6B657F00D1A07F /* CalculatorBrain.swift */; };
		5117D8491B941B3D003DF8DA /* Glossary.swift in Sources */ = {isa = PBXBuildFile; fileRef = 510D3AB91B6B657F00D1A07F /* Glossary.swift */; };
		5117D84A1B941B3F003DF8DA /* Evaluator.swift in Sources */ = {isa = PBXBuildFile; fileRef = 510D3AB81B6B657F00D1A07F /* Evaluator.swift */; };
		51279AE31B739D260036DF3D /* KeyStackView.xib in Resources */ = {isa = PBXBuildFile; fileRef = 51279AE21B739D260036DF3D /* KeyStackView.xib */; };
		51279AE51B739D6D0036DF3D /* KeyStackView.swift in Sources */ = {isa = PBXBuildFile; fileRef = 51279AE41B739D6D0036DF3D /* KeyStackView.swift */; };
		51279AE71B73A8720036DF3D /* KeypadConstructor.swift in Sources */ = {isa = PBXBuildFile; fileRef = 51279AE61B73A8720036DF3D /* KeypadConstructor.swift */; };
		513197101B6ADD5900E9B802 /* AppDelegate.swift in Sources */ = {isa = PBXBuildFile; fileRef = 5131970F1B6ADD5900E9B802 /* AppDelegate.swift */; };
		513197121B6ADD5900E9B802 /* ViewController.swift in Sources */ = {isa = PBXBuildFile; fileRef = 513197111B6ADD5900E9B802 /* ViewController.swift */; };
		513197151B6ADD5900E9B802 /* Main.storyboard in Resources */ = {isa = PBXBuildFile; fileRef = 513197131B6ADD5900E9B802 /* Main.storyboard */; };
		513197171B6ADD5900E9B802 /* Assets.xcassets in Resources */ = {isa = PBXBuildFile; fileRef = 513197161B6ADD5900E9B802 /* Assets.xcassets */; };
		5131971A1B6ADD5900E9B802 /* LaunchScreen.storyboard in Resources */ = {isa = PBXBuildFile; fileRef = 513197181B6ADD5900E9B802 /* LaunchScreen.storyboard */; };
		513197251B6ADD5900E9B802 /* Numerical2Tests.swift in Sources */ = {isa = PBXBuildFile; fileRef = 513197241B6ADD5900E9B802 /* Numerical2Tests.swift */; };
		513197301B6ADD5900E9B802 /* Numerical2UITests.swift in Sources */ = {isa = PBXBuildFile; fileRef = 5131972F1B6ADD5900E9B802 /* Numerical2UITests.swift */; };
		519B1B051BA03C9700C06E70 /* DeviceHelper.swift in Sources */ = {isa = PBXBuildFile; fileRef = 519B1AFB1BA03C9700C06E70 /* DeviceHelper.swift */; };
		519B1B061BA03C9700C06E70 /* Equation+CoreDataProperties.swift in Sources */ = {isa = PBXBuildFile; fileRef = 519B1AFC1BA03C9700C06E70 /* Equation+CoreDataProperties.swift */; };
		519B1B071BA03C9700C06E70 /* Equation.swift in Sources */ = {isa = PBXBuildFile; fileRef = 519B1AFD1BA03C9700C06E70 /* Equation.swift */; };
		519B1B081BA03C9700C06E70 /* EquationStore.swift in Sources */ = {isa = PBXBuildFile; fileRef = 519B1AFE1BA03C9700C06E70 /* EquationStore.swift */; };
		519B1B091BA03C9700C06E70 /* NumericalDataModel.xcdatamodeld in Sources */ = {isa = PBXBuildFile; fileRef = 519B1AFF1BA03C9700C06E70 /* NumericalDataModel.xcdatamodeld */; };
		519B1B0A1BA03C9700C06E70 /* Pad+CoreDataProperties.swift in Sources */ = {isa = PBXBuildFile; fileRef = 519B1B021BA03C9700C06E70 /* Pad+CoreDataProperties.swift */; };
		519B1B0B1BA03C9700C06E70 /* Pad.swift in Sources */ = {isa = PBXBuildFile; fileRef = 519B1B031BA03C9700C06E70 /* Pad.swift */; };
		519B1B0C1BA03C9700C06E70 /* SinkableCoreDataStore.swift in Sources */ = {isa = PBXBuildFile; fileRef = 519B1B041BA03C9700C06E70 /* SinkableCoreDataStore.swift */; };
		519B1B0F1BA03CAE00C06E70 /* SinkableUserDefaults.swift in Sources */ = {isa = PBXBuildFile; fileRef = 519B1B0E1BA03CAE00C06E70 /* SinkableUserDefaults.swift */; };
		519B1B111BA04F1C00C06E70 /* HistoryViewController.swift in Sources */ = {isa = PBXBuildFile; fileRef = 519B1B101BA04F1C00C06E70 /* HistoryViewController.swift */; };
		519B1B131BA0532A00C06E70 /* HistoryCell.swift in Sources */ = {isa = PBXBuildFile; fileRef = 519B1B121BA0532A00C06E70 /* HistoryCell.swift */; };
		51D28B0C1B6C4B7C009A0AEC /* EquationViewController.swift in Sources */ = {isa = PBXBuildFile; fileRef = 51D28B0B1B6C4B7C009A0AEC /* EquationViewController.swift */; };
		51D28B0E1B6D0D2D009A0AEC /* QuestionCollectionViewController.swift in Sources */ = {isa = PBXBuildFile; fileRef = 51D28B0D1B6D0D2D009A0AEC /* QuestionCollectionViewController.swift */; };
		51D28B101B6D0FE1009A0AEC /* EquationViewCell.xib in Resources */ = {isa = PBXBuildFile; fileRef = 51D28B0F1B6D0FE1009A0AEC /* EquationViewCell.xib */; };
		51D28B121B6D100A009A0AEC /* EquationViewCell.swift in Sources */ = {isa = PBXBuildFile; fileRef = 51D28B111B6D100A009A0AEC /* EquationViewCell.swift */; };
		51D28B4E1B6D1BA9009A0AEC /* FractionViewCell.xib in Resources */ = {isa = PBXBuildFile; fileRef = 51D28B4D1B6D1BA9009A0AEC /* FractionViewCell.xib */; };
		51D28B501B6D1C0F009A0AEC /* FractionViewCell.swift in Sources */ = {isa = PBXBuildFile; fileRef = 51D28B4F1B6D1C0F009A0AEC /* FractionViewCell.swift */; };
		51D7A8421BBA7F2D0064AA4B /* StyleFormatter.swift in Sources */ = {isa = PBXBuildFile; fileRef = 51D7A8411BBA7F2D0064AA4B /* StyleFormatter.swift */; };
		51E84D311B8B5C3B00C3E28E /* CalcButton.swift in Sources */ = {isa = PBXBuildFile; fileRef = 51E84D301B8B5C3B00C3E28E /* CalcButton.swift */; };
		51EE5BA01BC5203A001C9D38 /* StoreKit.framework in Frameworks */ = {isa = PBXBuildFile; fileRef = 51EE5B9F1BC5203A001C9D38 /* StoreKit.framework */; };
		51F2F44D1B6C3FAE00B845CA /* KeyPanelViewController.swift in Sources */ = {isa = PBXBuildFile; fileRef = 51F2F44C1B6C3FAE00B845CA /* KeyPanelViewController.swift */; };
		51F2F44F1B6C421B00B845CA /* WorkPanelViewController.swift in Sources */ = {isa = PBXBuildFile; fileRef = 51F2F44E1B6C421B00B845CA /* WorkPanelViewController.swift */; };
		5627A7421BC68F3F0005495F /* Interface.storyboard in Resources */ = {isa = PBXBuildFile; fileRef = 5627A7401BC68F3F0005495F /* Interface.storyboard */; };
		5627A7441BC68F3F0005495F /* Assets.xcassets in Resources */ = {isa = PBXBuildFile; fileRef = 5627A7431BC68F3F0005495F /* Assets.xcassets */; };
		5627A74B1BC68F3F0005495F /* Numerical2-Watch Extension.appex in Embed App Extensions */ = {isa = PBXBuildFile; fileRef = 5627A74A1BC68F3F0005495F /* Numerical2-Watch Extension.appex */; settings = {ATTRIBUTES = (RemoveHeadersOnCopy, ); }; };
		5627A7501BC68F3F0005495F /* MainInterfaceController.swift in Sources */ = {isa = PBXBuildFile; fileRef = 5627A74F1BC68F3F0005495F /* MainInterfaceController.swift */; };
		5627A7521BC68F3F0005495F /* ExtensionDelegate.swift in Sources */ = {isa = PBXBuildFile; fileRef = 5627A7511BC68F3F0005495F /* ExtensionDelegate.swift */; };
		5627A7541BC68F3F0005495F /* Assets.xcassets in Resources */ = {isa = PBXBuildFile; fileRef = 5627A7531BC68F3F0005495F /* Assets.xcassets */; };
		5627A7581BC68F3F0005495F /* Numerical2-Watch.app in Embed Watch Content */ = {isa = PBXBuildFile; fileRef = 5627A73E1BC68F3F0005495F /* Numerical2-Watch.app */; };
		5627A7641BC74CB30005495F /* WatchCalculatorThreeButtonRow.swift in Sources */ = {isa = PBXBuildFile; fileRef = 5627A7631BC74CB30005495F /* WatchCalculatorThreeButtonRow.swift */; };
		5627A7661BC74EA10005495F /* WatchKeyboardCalculatorController.swift in Sources */ = {isa = PBXBuildFile; fileRef = 5627A7651BC74EA10005495F /* WatchKeyboardCalculatorController.swift */; };
		5627A7681BC750EE0005495F /* WatchCalculatorOneButtonRow.swift in Sources */ = {isa = PBXBuildFile; fileRef = 5627A7671BC750EE0005495F /* WatchCalculatorOneButtonRow.swift */; };
		5627A7691BC7D5ED0005495F /* CalculatorBrain.swift in Sources */ = {isa = PBXBuildFile; fileRef = 510D3AB51B6B657F00D1A07F /* CalculatorBrain.swift */; };
		5627A76A1BC7D6020005495F /* Evaluator.swift in Sources */ = {isa = PBXBuildFile; fileRef = 510D3AB81B6B657F00D1A07F /* Evaluator.swift */; };
		5627A76B1BC7D60B0005495F /* Glossary.swift in Sources */ = {isa = PBXBuildFile; fileRef = 510D3AB91B6B657F00D1A07F /* Glossary.swift */; };
		5638AC091BD06F910028C41E /* WatchEquation.swift in Sources */ = {isa = PBXBuildFile; fileRef = 5638AC081BD06F910028C41E /* WatchEquation.swift */; };
		564CB5D31BCE8616008F8666 /* NaturalLanguageParser.swift in Sources */ = {isa = PBXBuildFile; fileRef = 510D3ABA1B6B657F00D1A07F /* NaturalLanguageParser.swift */; };
		564DA2331BCD244500EFD28B /* SinkableUserDefaults.swift in Sources */ = {isa = PBXBuildFile; fileRef = 519B1B0E1BA03CAE00C06E70 /* SinkableUserDefaults.swift */; };
		5685FE8C1BCACA2A0019BC04 /* AVFoundation.framework in Frameworks */ = {isa = PBXBuildFile; fileRef = 5685FE8B1BCACA2A0019BC04 /* AVFoundation.framework */; };
		5685FE8E1BCACA300019BC04 /* AudioToolbox.framework in Frameworks */ = {isa = PBXBuildFile; fileRef = 5685FE8D1BCACA300019BC04 /* AudioToolbox.framework */; };
		5685FE941BCACA490019BC04 /* AcousticModelEnglish.bundle in Resources */ = {isa = PBXBuildFile; fileRef = 5685FE901BCACA490019BC04 /* AcousticModelEnglish.bundle */; };
		5685FE951BCACA490019BC04 /* AcousticModelSpanish.bundle in Resources */ = {isa = PBXBuildFile; fileRef = 5685FE911BCACA490019BC04 /* AcousticModelSpanish.bundle */; };
		5685FE961BCACA490019BC04 /* OpenEars.framework in Frameworks */ = {isa = PBXBuildFile; fileRef = 5685FE921BCACA490019BC04 /* OpenEars.framework */; };
		5685FE971BCACA490019BC04 /* Slt.framework in Frameworks */ = {isa = PBXBuildFile; fileRef = 5685FE931BCACA490019BC04 /* Slt.framework */; };
		5685FE9C1BCACBB40019BC04 /* OpenEarsWrapper.m in Sources */ = {isa = PBXBuildFile; fileRef = 5685FE9B1BCACBB40019BC04 /* OpenEarsWrapper.m */; };
		5685FEA01BCAE3340019BC04 /* RMStore.m in Sources */ = {isa = PBXBuildFile; fileRef = 5685FE9F1BCAE3340019BC04 /* RMStore.m */; };
		5685FEA21BCAE38B0019BC04 /* StoreKitWrapper.swift in Sources */ = {isa = PBXBuildFile; fileRef = 5685FEA11BCAE38B0019BC04 /* StoreKitWrapper.swift */; };
		5685FEA51BCAE7A70019BC04 /* RMStoreKeychainPersistence.m in Sources */ = {isa = PBXBuildFile; fileRef = 5685FEA41BCAE7A70019BC04 /* RMStoreKeychainPersistence.m */; };
		56DE8F1C1BD309EE00D79DC7 /* PhoneCommunicator.swift in Sources */ = {isa = PBXBuildFile; fileRef = 56DE8F1B1BD309EE00D79DC7 /* PhoneCommunicator.swift */; };
		56DE8F1D1BD312E800D79DC7 /* WatchEquation.swift in Sources */ = {isa = PBXBuildFile; fileRef = 5638AC081BD06F910028C41E /* WatchEquation.swift */; };
		56DE8F1F1BD316F600D79DC7 /* WatchCommunicator.swift in Sources */ = {isa = PBXBuildFile; fileRef = 56DE8F1E1BD316F600D79DC7 /* WatchCommunicator.swift */; };
/* End PBXBuildFile section */

/* Begin PBXContainerItemProxy section */
		513197211B6ADD5900E9B802 /* PBXContainerItemProxy */ = {
			isa = PBXContainerItemProxy;
			containerPortal = 513197041B6ADD5900E9B802 /* Project object */;
			proxyType = 1;
			remoteGlobalIDString = 5131970B1B6ADD5900E9B802;
			remoteInfo = Numerical2;
		};
		5131972C1B6ADD5900E9B802 /* PBXContainerItemProxy */ = {
			isa = PBXContainerItemProxy;
			containerPortal = 513197041B6ADD5900E9B802 /* Project object */;
			proxyType = 1;
			remoteGlobalIDString = 5131970B1B6ADD5900E9B802;
			remoteInfo = Numerical2;
		};
		5627A74C1BC68F3F0005495F /* PBXContainerItemProxy */ = {
			isa = PBXContainerItemProxy;
			containerPortal = 513197041B6ADD5900E9B802 /* Project object */;
			proxyType = 1;
			remoteGlobalIDString = 5627A7491BC68F3F0005495F;
			remoteInfo = "Numerical2-Watch Extension";
		};
		5627A7561BC68F3F0005495F /* PBXContainerItemProxy */ = {
			isa = PBXContainerItemProxy;
			containerPortal = 513197041B6ADD5900E9B802 /* Project object */;
			proxyType = 1;
			remoteGlobalIDString = 5627A73D1BC68F3F0005495F;
			remoteInfo = "Numerical2-Watch";
		};
/* End PBXContainerItemProxy section */

/* Begin PBXCopyFilesBuildPhase section */
		5627A75E1BC68F3F0005495F /* Embed App Extensions */ = {
			isa = PBXCopyFilesBuildPhase;
			buildActionMask = 2147483647;
			dstPath = "";
			dstSubfolderSpec = 13;
			files = (
				5627A74B1BC68F3F0005495F /* Numerical2-Watch Extension.appex in Embed App Extensions */,
			);
			name = "Embed App Extensions";
			runOnlyForDeploymentPostprocessing = 0;
		};
		5627A7601BC68F3F0005495F /* Embed Watch Content */ = {
			isa = PBXCopyFilesBuildPhase;
			buildActionMask = 2147483647;
			dstPath = "$(CONTENTS_FOLDER_PATH)/Watch";
			dstSubfolderSpec = 16;
			files = (
				5627A7581BC68F3F0005495F /* Numerical2-Watch.app in Embed Watch Content */,
			);
			name = "Embed Watch Content";
			runOnlyForDeploymentPostprocessing = 0;
		};
/* End PBXCopyFilesBuildPhase section */

/* Begin PBXFileReference section */
		510D3AB51B6B657F00D1A07F /* CalculatorBrain.swift */ = {isa = PBXFileReference; fileEncoding = 4; lastKnownFileType = sourcecode.swift; path = CalculatorBrain.swift; sourceTree = "<group>"; };
		510D3AB61B6B657F00D1A07F /* Dictionary_English.plist */ = {isa = PBXFileReference; fileEncoding = 4; lastKnownFileType = text.plist.xml; path = Dictionary_English.plist; sourceTree = "<group>"; };
		510D3AB81B6B657F00D1A07F /* Evaluator.swift */ = {isa = PBXFileReference; fileEncoding = 4; lastKnownFileType = sourcecode.swift; path = Evaluator.swift; sourceTree = "<group>"; };
		510D3AB91B6B657F00D1A07F /* Glossary.swift */ = {isa = PBXFileReference; fileEncoding = 4; lastKnownFileType = sourcecode.swift; path = Glossary.swift; sourceTree = "<group>"; };
		510D3ABA1B6B657F00D1A07F /* NaturalLanguageParser.swift */ = {isa = PBXFileReference; fileEncoding = 4; lastKnownFileType = sourcecode.swift; path = NaturalLanguageParser.swift; sourceTree = "<group>"; };
		510D3AC11B6B659E00D1A07F /* KeypadViewController.swift */ = {isa = PBXFileReference; fileEncoding = 4; lastKnownFileType = sourcecode.swift; path = KeypadViewController.swift; sourceTree = "<group>"; };
		51279AE21B739D260036DF3D /* KeyStackView.xib */ = {isa = PBXFileReference; fileEncoding = 4; lastKnownFileType = file.xib; path = KeyStackView.xib; sourceTree = "<group>"; };
		51279AE41B739D6D0036DF3D /* KeyStackView.swift */ = {isa = PBXFileReference; fileEncoding = 4; lastKnownFileType = sourcecode.swift; path = KeyStackView.swift; sourceTree = "<group>"; };
		51279AE61B73A8720036DF3D /* KeypadConstructor.swift */ = {isa = PBXFileReference; fileEncoding = 4; lastKnownFileType = sourcecode.swift; path = KeypadConstructor.swift; sourceTree = "<group>"; };
		5131970C1B6ADD5900E9B802 /* Numerical2.app */ = {isa = PBXFileReference; explicitFileType = wrapper.application; includeInIndex = 0; path = Numerical2.app; sourceTree = BUILT_PRODUCTS_DIR; };
		5131970F1B6ADD5900E9B802 /* AppDelegate.swift */ = {isa = PBXFileReference; lastKnownFileType = sourcecode.swift; path = AppDelegate.swift; sourceTree = "<group>"; };
		513197111B6ADD5900E9B802 /* ViewController.swift */ = {isa = PBXFileReference; lastKnownFileType = sourcecode.swift; path = ViewController.swift; sourceTree = "<group>"; };
		513197141B6ADD5900E9B802 /* Base */ = {isa = PBXFileReference; lastKnownFileType = file.storyboard; name = Base; path = Base.lproj/Main.storyboard; sourceTree = "<group>"; };
		513197161B6ADD5900E9B802 /* Assets.xcassets */ = {isa = PBXFileReference; lastKnownFileType = folder.assetcatalog; path = Assets.xcassets; sourceTree = "<group>"; };
		513197191B6ADD5900E9B802 /* Base */ = {isa = PBXFileReference; lastKnownFileType = file.storyboard; name = Base; path = Base.lproj/LaunchScreen.storyboard; sourceTree = "<group>"; };
		5131971B1B6ADD5900E9B802 /* Info.plist */ = {isa = PBXFileReference; lastKnownFileType = text.plist.xml; path = Info.plist; sourceTree = "<group>"; };
		513197201B6ADD5900E9B802 /* Numerical2Tests.xctest */ = {isa = PBXFileReference; explicitFileType = wrapper.cfbundle; includeInIndex = 0; path = Numerical2Tests.xctest; sourceTree = BUILT_PRODUCTS_DIR; };
		513197241B6ADD5900E9B802 /* Numerical2Tests.swift */ = {isa = PBXFileReference; lastKnownFileType = sourcecode.swift; path = Numerical2Tests.swift; sourceTree = "<group>"; };
		513197261B6ADD5900E9B802 /* Info.plist */ = {isa = PBXFileReference; lastKnownFileType = text.plist.xml; path = Info.plist; sourceTree = "<group>"; };
		5131972B1B6ADD5900E9B802 /* Numerical2UITests.xctest */ = {isa = PBXFileReference; explicitFileType = wrapper.cfbundle; includeInIndex = 0; path = Numerical2UITests.xctest; sourceTree = BUILT_PRODUCTS_DIR; };
		5131972F1B6ADD5900E9B802 /* Numerical2UITests.swift */ = {isa = PBXFileReference; lastKnownFileType = sourcecode.swift; path = Numerical2UITests.swift; sourceTree = "<group>"; };
		513197311B6ADD5900E9B802 /* Info.plist */ = {isa = PBXFileReference; lastKnownFileType = text.plist.xml; path = Info.plist; sourceTree = "<group>"; };
		519B1AFB1BA03C9700C06E70 /* DeviceHelper.swift */ = {isa = PBXFileReference; fileEncoding = 4; lastKnownFileType = sourcecode.swift; path = DeviceHelper.swift; sourceTree = "<group>"; };
		519B1AFC1BA03C9700C06E70 /* Equation+CoreDataProperties.swift */ = {isa = PBXFileReference; fileEncoding = 4; lastKnownFileType = sourcecode.swift; path = "Equation+CoreDataProperties.swift"; sourceTree = "<group>"; };
		519B1AFD1BA03C9700C06E70 /* Equation.swift */ = {isa = PBXFileReference; fileEncoding = 4; lastKnownFileType = sourcecode.swift; path = Equation.swift; sourceTree = "<group>"; };
		519B1AFE1BA03C9700C06E70 /* EquationStore.swift */ = {isa = PBXFileReference; fileEncoding = 4; lastKnownFileType = sourcecode.swift; path = EquationStore.swift; sourceTree = "<group>"; };
		519B1B001BA03C9700C06E70 /* NumericalDataModel 2.xcdatamodel */ = {isa = PBXFileReference; lastKnownFileType = wrapper.xcdatamodel; path = "NumericalDataModel 2.xcdatamodel"; sourceTree = "<group>"; };
		519B1B011BA03C9700C06E70 /* NumericalDataModel.xcdatamodel */ = {isa = PBXFileReference; lastKnownFileType = wrapper.xcdatamodel; path = NumericalDataModel.xcdatamodel; sourceTree = "<group>"; };
		519B1B021BA03C9700C06E70 /* Pad+CoreDataProperties.swift */ = {isa = PBXFileReference; fileEncoding = 4; lastKnownFileType = sourcecode.swift; path = "Pad+CoreDataProperties.swift"; sourceTree = "<group>"; };
		519B1B031BA03C9700C06E70 /* Pad.swift */ = {isa = PBXFileReference; fileEncoding = 4; lastKnownFileType = sourcecode.swift; path = Pad.swift; sourceTree = "<group>"; };
		519B1B041BA03C9700C06E70 /* SinkableCoreDataStore.swift */ = {isa = PBXFileReference; fileEncoding = 4; lastKnownFileType = sourcecode.swift; path = SinkableCoreDataStore.swift; sourceTree = "<group>"; };
		519B1B0E1BA03CAE00C06E70 /* SinkableUserDefaults.swift */ = {isa = PBXFileReference; fileEncoding = 4; lastKnownFileType = sourcecode.swift; path = SinkableUserDefaults.swift; sourceTree = "<group>"; };
		519B1B101BA04F1C00C06E70 /* HistoryViewController.swift */ = {isa = PBXFileReference; fileEncoding = 4; lastKnownFileType = sourcecode.swift; path = HistoryViewController.swift; sourceTree = "<group>"; };
		519B1B121BA0532A00C06E70 /* HistoryCell.swift */ = {isa = PBXFileReference; fileEncoding = 4; lastKnownFileType = sourcecode.swift; path = HistoryCell.swift; sourceTree = "<group>"; };
		51D28B0B1B6C4B7C009A0AEC /* EquationViewController.swift */ = {isa = PBXFileReference; fileEncoding = 4; lastKnownFileType = sourcecode.swift; path = EquationViewController.swift; sourceTree = "<group>"; };
		51D28B0D1B6D0D2D009A0AEC /* QuestionCollectionViewController.swift */ = {isa = PBXFileReference; fileEncoding = 4; lastKnownFileType = sourcecode.swift; path = QuestionCollectionViewController.swift; sourceTree = "<group>"; };
		51D28B0F1B6D0FE1009A0AEC /* EquationViewCell.xib */ = {isa = PBXFileReference; fileEncoding = 4; lastKnownFileType = file.xib; path = EquationViewCell.xib; sourceTree = "<group>"; };
		51D28B111B6D100A009A0AEC /* EquationViewCell.swift */ = {isa = PBXFileReference; fileEncoding = 4; lastKnownFileType = sourcecode.swift; path = EquationViewCell.swift; sourceTree = "<group>"; };
		51D28B4D1B6D1BA9009A0AEC /* FractionViewCell.xib */ = {isa = PBXFileReference; fileEncoding = 4; lastKnownFileType = file.xib; path = FractionViewCell.xib; sourceTree = "<group>"; };
		51D28B4F1B6D1C0F009A0AEC /* FractionViewCell.swift */ = {isa = PBXFileReference; fileEncoding = 4; lastKnownFileType = sourcecode.swift; path = FractionViewCell.swift; sourceTree = "<group>"; };
		51D7A8411BBA7F2D0064AA4B /* StyleFormatter.swift */ = {isa = PBXFileReference; fileEncoding = 4; lastKnownFileType = sourcecode.swift; path = StyleFormatter.swift; sourceTree = "<group>"; };
		51E84D301B8B5C3B00C3E28E /* CalcButton.swift */ = {isa = PBXFileReference; fileEncoding = 4; lastKnownFileType = sourcecode.swift; path = CalcButton.swift; sourceTree = "<group>"; };
		51EE5B9E1BC51FDF001C9D38 /* Numerical2.entitlements */ = {isa = PBXFileReference; lastKnownFileType = text.xml; path = Numerical2.entitlements; sourceTree = "<group>"; };
		51EE5B9F1BC5203A001C9D38 /* StoreKit.framework */ = {isa = PBXFileReference; lastKnownFileType = wrapper.framework; name = StoreKit.framework; path = System/Library/Frameworks/StoreKit.framework; sourceTree = SDKROOT; };
		51F2F44C1B6C3FAE00B845CA /* KeyPanelViewController.swift */ = {isa = PBXFileReference; fileEncoding = 4; lastKnownFileType = sourcecode.swift; path = KeyPanelViewController.swift; sourceTree = "<group>"; };
		51F2F44E1B6C421B00B845CA /* WorkPanelViewController.swift */ = {isa = PBXFileReference; fileEncoding = 4; lastKnownFileType = sourcecode.swift; path = WorkPanelViewController.swift; sourceTree = "<group>"; };
		5627A73E1BC68F3F0005495F /* Numerical2-Watch.app */ = {isa = PBXFileReference; explicitFileType = wrapper.application; includeInIndex = 0; path = "Numerical2-Watch.app"; sourceTree = BUILT_PRODUCTS_DIR; };
		5627A7411BC68F3F0005495F /* Base */ = {isa = PBXFileReference; lastKnownFileType = file.storyboard; name = Base; path = Base.lproj/Interface.storyboard; sourceTree = "<group>"; };
		5627A7431BC68F3F0005495F /* Assets.xcassets */ = {isa = PBXFileReference; lastKnownFileType = folder.assetcatalog; path = Assets.xcassets; sourceTree = "<group>"; };
		5627A7451BC68F3F0005495F /* Info.plist */ = {isa = PBXFileReference; lastKnownFileType = text.plist.xml; path = Info.plist; sourceTree = "<group>"; };
		5627A74A1BC68F3F0005495F /* Numerical2-Watch Extension.appex */ = {isa = PBXFileReference; explicitFileType = "wrapper.app-extension"; includeInIndex = 0; path = "Numerical2-Watch Extension.appex"; sourceTree = BUILT_PRODUCTS_DIR; };
		5627A74F1BC68F3F0005495F /* MainInterfaceController.swift */ = {isa = PBXFileReference; lastKnownFileType = sourcecode.swift; path = MainInterfaceController.swift; sourceTree = "<group>"; };
		5627A7511BC68F3F0005495F /* ExtensionDelegate.swift */ = {isa = PBXFileReference; lastKnownFileType = sourcecode.swift; path = ExtensionDelegate.swift; sourceTree = "<group>"; };
		5627A7531BC68F3F0005495F /* Assets.xcassets */ = {isa = PBXFileReference; lastKnownFileType = folder.assetcatalog; path = Assets.xcassets; sourceTree = "<group>"; };
		5627A7551BC68F3F0005495F /* Info.plist */ = {isa = PBXFileReference; lastKnownFileType = text.plist.xml; path = Info.plist; sourceTree = "<group>"; };
		5627A7611BC722FC0005495F /* Numerical2-Watch.entitlements */ = {isa = PBXFileReference; lastKnownFileType = text.xml; path = "Numerical2-Watch.entitlements"; sourceTree = "<group>"; };
		5627A7621BC72C630005495F /* Numerical2-Watch Extension.entitlements */ = {isa = PBXFileReference; lastKnownFileType = text.xml; path = "Numerical2-Watch Extension.entitlements"; sourceTree = "<group>"; };
		5627A7631BC74CB30005495F /* WatchCalculatorThreeButtonRow.swift */ = {isa = PBXFileReference; fileEncoding = 4; lastKnownFileType = sourcecode.swift; path = WatchCalculatorThreeButtonRow.swift; sourceTree = "<group>"; };
		5627A7651BC74EA10005495F /* WatchKeyboardCalculatorController.swift */ = {isa = PBXFileReference; fileEncoding = 4; lastKnownFileType = sourcecode.swift; path = WatchKeyboardCalculatorController.swift; sourceTree = "<group>"; };
		5627A7671BC750EE0005495F /* WatchCalculatorOneButtonRow.swift */ = {isa = PBXFileReference; fileEncoding = 4; lastKnownFileType = sourcecode.swift; path = WatchCalculatorOneButtonRow.swift; sourceTree = "<group>"; };
		5638AC081BD06F910028C41E /* WatchEquation.swift */ = {isa = PBXFileReference; fileEncoding = 4; lastKnownFileType = sourcecode.swift; path = WatchEquation.swift; sourceTree = "<group>"; };
		5685FE8B1BCACA2A0019BC04 /* AVFoundation.framework */ = {isa = PBXFileReference; lastKnownFileType = wrapper.framework; name = AVFoundation.framework; path = System/Library/Frameworks/AVFoundation.framework; sourceTree = SDKROOT; };
		5685FE8D1BCACA300019BC04 /* AudioToolbox.framework */ = {isa = PBXFileReference; lastKnownFileType = wrapper.framework; name = AudioToolbox.framework; path = System/Library/Frameworks/AudioToolbox.framework; sourceTree = SDKROOT; };
		5685FE901BCACA490019BC04 /* AcousticModelEnglish.bundle */ = {isa = PBXFileReference; lastKnownFileType = "wrapper.plug-in"; path = AcousticModelEnglish.bundle; sourceTree = "<group>"; };
		5685FE911BCACA490019BC04 /* AcousticModelSpanish.bundle */ = {isa = PBXFileReference; lastKnownFileType = "wrapper.plug-in"; path = AcousticModelSpanish.bundle; sourceTree = "<group>"; };
		5685FE921BCACA490019BC04 /* OpenEars.framework */ = {isa = PBXFileReference; lastKnownFileType = wrapper.framework; path = OpenEars.framework; sourceTree = "<group>"; };
		5685FE931BCACA490019BC04 /* Slt.framework */ = {isa = PBXFileReference; lastKnownFileType = wrapper.framework; path = Slt.framework; sourceTree = "<group>"; };
		5685FE991BCACBB30019BC04 /* Numerical2-Bridging-Header.h */ = {isa = PBXFileReference; lastKnownFileType = sourcecode.c.h; name = "Numerical2-Bridging-Header.h"; path = "Framework/Numerical2-Bridging-Header.h"; sourceTree = "<group>"; };
		5685FE9A1BCACBB40019BC04 /* OpenEarsWrapper.h */ = {isa = PBXFileReference; fileEncoding = 4; lastKnownFileType = sourcecode.c.h; path = OpenEarsWrapper.h; sourceTree = "<group>"; };
		5685FE9B1BCACBB40019BC04 /* OpenEarsWrapper.m */ = {isa = PBXFileReference; fileEncoding = 4; lastKnownFileType = sourcecode.c.objc; path = OpenEarsWrapper.m; sourceTree = "<group>"; };
		5685FE9E1BCAE3340019BC04 /* RMStore.h */ = {isa = PBXFileReference; fileEncoding = 4; lastKnownFileType = sourcecode.c.h; path = RMStore.h; sourceTree = "<group>"; };
		5685FE9F1BCAE3340019BC04 /* RMStore.m */ = {isa = PBXFileReference; fileEncoding = 4; lastKnownFileType = sourcecode.c.objc; path = RMStore.m; sourceTree = "<group>"; };
		5685FEA11BCAE38B0019BC04 /* StoreKitWrapper.swift */ = {isa = PBXFileReference; fileEncoding = 4; lastKnownFileType = sourcecode.swift; path = StoreKitWrapper.swift; sourceTree = "<group>"; };
		5685FEA31BCAE7A70019BC04 /* RMStoreKeychainPersistence.h */ = {isa = PBXFileReference; fileEncoding = 4; lastKnownFileType = sourcecode.c.h; path = RMStoreKeychainPersistence.h; sourceTree = "<group>"; };
		5685FEA41BCAE7A70019BC04 /* RMStoreKeychainPersistence.m */ = {isa = PBXFileReference; fileEncoding = 4; lastKnownFileType = sourcecode.c.objc; path = RMStoreKeychainPersistence.m; sourceTree = "<group>"; };
		56DE8F1B1BD309EE00D79DC7 /* PhoneCommunicator.swift */ = {isa = PBXFileReference; fileEncoding = 4; lastKnownFileType = sourcecode.swift; path = PhoneCommunicator.swift; sourceTree = "<group>"; };
		56DE8F1E1BD316F600D79DC7 /* WatchCommunicator.swift */ = {isa = PBXFileReference; fileEncoding = 4; lastKnownFileType = sourcecode.swift; path = WatchCommunicator.swift; sourceTree = "<group>"; };
/* End PBXFileReference section */

/* Begin PBXFrameworksBuildPhase section */
		513197091B6ADD5900E9B802 /* Frameworks */ = {
			isa = PBXFrameworksBuildPhase;
			buildActionMask = 2147483647;
			files = (
				5685FE971BCACA490019BC04 /* Slt.framework in Frameworks */,
				5685FE8E1BCACA300019BC04 /* AudioToolbox.framework in Frameworks */,
				5685FE8C1BCACA2A0019BC04 /* AVFoundation.framework in Frameworks */,
				51EE5BA01BC5203A001C9D38 /* StoreKit.framework in Frameworks */,
				5685FE961BCACA490019BC04 /* OpenEars.framework in Frameworks */,
			);
			runOnlyForDeploymentPostprocessing = 0;
		};
		5131971D1B6ADD5900E9B802 /* Frameworks */ = {
			isa = PBXFrameworksBuildPhase;
			buildActionMask = 2147483647;
			files = (
			);
			runOnlyForDeploymentPostprocessing = 0;
		};
		513197281B6ADD5900E9B802 /* Frameworks */ = {
			isa = PBXFrameworksBuildPhase;
			buildActionMask = 2147483647;
			files = (
			);
			runOnlyForDeploymentPostprocessing = 0;
		};
		5627A7471BC68F3F0005495F /* Frameworks */ = {
			isa = PBXFrameworksBuildPhase;
			buildActionMask = 2147483647;
			files = (
			);
			runOnlyForDeploymentPostprocessing = 0;
		};
/* End PBXFrameworksBuildPhase section */

/* Begin PBXGroup section */
		513197031B6ADD5900E9B802 = {
			isa = PBXGroup;
			children = (
				5685FE8D1BCACA300019BC04 /* AudioToolbox.framework */,
				5685FE8B1BCACA2A0019BC04 /* AVFoundation.framework */,
				51EE5B9F1BC5203A001C9D38 /* StoreKit.framework */,
				5131970E1B6ADD5900E9B802 /* Numerical2 */,
				513197231B6ADD5900E9B802 /* Numerical2Tests */,
				5131972E1B6ADD5900E9B802 /* Numerical2UITests */,
				5627A73F1BC68F3F0005495F /* Numerical2-Watch */,
				5627A74E1BC68F3F0005495F /* Numerical2-Watch Extension */,
				5131970D1B6ADD5900E9B802 /* Products */,
			);
			sourceTree = "<group>";
		};
		5131970D1B6ADD5900E9B802 /* Products */ = {
			isa = PBXGroup;
			children = (
				5131970C1B6ADD5900E9B802 /* Numerical2.app */,
				513197201B6ADD5900E9B802 /* Numerical2Tests.xctest */,
				5131972B1B6ADD5900E9B802 /* Numerical2UITests.xctest */,
				5627A73E1BC68F3F0005495F /* Numerical2-Watch.app */,
				5627A74A1BC68F3F0005495F /* Numerical2-Watch Extension.appex */,
			);
			name = Products;
			sourceTree = "<group>";
		};
		5131970E1B6ADD5900E9B802 /* Numerical2 */ = {
			isa = PBXGroup;
			children = (
				5685FE991BCACBB30019BC04 /* Numerical2-Bridging-Header.h */,
				5685FE9D1BCAE32B0019BC04 /* IAP */,
				5685FE8F1BCACA490019BC04 /* OpenEars */,
				51EE5B9E1BC51FDF001C9D38 /* Numerical2.entitlements */,
				5131970F1B6ADD5900E9B802 /* AppDelegate.swift */,
				513197131B6ADD5900E9B802 /* Main.storyboard */,
				51D7A8371BBA7D320064AA4B /* View Hierarchy */,
				51D7A8361BBA7D060064AA4B /* Evaluator */,
				519B1AFA1BA03C9700C06E70 /* Equation Store */,
				519B1B0D1BA03CAE00C06E70 /* Sinkable User Defaults */,
				513197161B6ADD5900E9B802 /* Assets.xcassets */,
				513197181B6ADD5900E9B802 /* LaunchScreen.storyboard */,
				5131971B1B6ADD5900E9B802 /* Info.plist */,
				56DE8F1E1BD316F600D79DC7 /* WatchCommunicator.swift */,
			);
			path = Numerical2;
			sourceTree = "<group>";
		};
		513197231B6ADD5900E9B802 /* Numerical2Tests */ = {
			isa = PBXGroup;
			children = (
				513197241B6ADD5900E9B802 /* Numerical2Tests.swift */,
				513197261B6ADD5900E9B802 /* Info.plist */,
			);
			path = Numerical2Tests;
			sourceTree = "<group>";
		};
		5131972E1B6ADD5900E9B802 /* Numerical2UITests */ = {
			isa = PBXGroup;
			children = (
				5131972F1B6ADD5900E9B802 /* Numerical2UITests.swift */,
				513197311B6ADD5900E9B802 /* Info.plist */,
			);
			path = Numerical2UITests;
			sourceTree = "<group>";
		};
		519B1AFA1BA03C9700C06E70 /* Equation Store */ = {
			isa = PBXGroup;
			children = (
				519B1AFB1BA03C9700C06E70 /* DeviceHelper.swift */,
				519B1AFC1BA03C9700C06E70 /* Equation+CoreDataProperties.swift */,
				519B1AFD1BA03C9700C06E70 /* Equation.swift */,
				519B1AFE1BA03C9700C06E70 /* EquationStore.swift */,
				519B1AFF1BA03C9700C06E70 /* NumericalDataModel.xcdatamodeld */,
				519B1B021BA03C9700C06E70 /* Pad+CoreDataProperties.swift */,
				519B1B031BA03C9700C06E70 /* Pad.swift */,
				519B1B041BA03C9700C06E70 /* SinkableCoreDataStore.swift */,
			);
			path = "Equation Store";
			sourceTree = "<group>";
		};
		519B1B0D1BA03CAE00C06E70 /* Sinkable User Defaults */ = {
			isa = PBXGroup;
			children = (
				519B1B0E1BA03CAE00C06E70 /* SinkableUserDefaults.swift */,
			);
			path = "Sinkable User Defaults";
			sourceTree = "<group>";
		};
		51D7A8361BBA7D060064AA4B /* Evaluator */ = {
			isa = PBXGroup;
			children = (
				510D3AB51B6B657F00D1A07F /* CalculatorBrain.swift */,
				510D3AB91B6B657F00D1A07F /* Glossary.swift */,
				51D7A8401BBA7DF00064AA4B /* Evaluator */,
				51D7A83F1BBA7DE60064AA4B /* Natural Language Parser */,
			);
			name = Evaluator;
			sourceTree = "<group>";
		};
		51D7A8371BBA7D320064AA4B /* View Hierarchy */ = {
			isa = PBXGroup;
			children = (
				513197111B6ADD5900E9B802 /* ViewController.swift */,
				51D7A8391BBA7D4A0064AA4B /* Work Panel View Controller */,
				51D7A8381BBA7D3D0064AA4B /* History View Controller */,
			);
			name = "View Hierarchy";
			sourceTree = "<group>";
		};
		51D7A8381BBA7D3D0064AA4B /* History View Controller */ = {
			isa = PBXGroup;
			children = (
				519B1B101BA04F1C00C06E70 /* HistoryViewController.swift */,
				519B1B121BA0532A00C06E70 /* HistoryCell.swift */,
			);
			name = "History View Controller";
			sourceTree = "<group>";
		};
		51D7A8391BBA7D4A0064AA4B /* Work Panel View Controller */ = {
			isa = PBXGroup;
			children = (
				51D7A83B1BBA7D740064AA4B /* Equation View Controller */,
				51D7A83A1BBA7D670064AA4B /* Key Panel View Controller */,
				51F2F44E1B6C421B00B845CA /* WorkPanelViewController.swift */,
			);
			name = "Work Panel View Controller";
			sourceTree = "<group>";
		};
		51D7A83A1BBA7D670064AA4B /* Key Panel View Controller */ = {
			isa = PBXGroup;
			children = (
				51F2F44C1B6C3FAE00B845CA /* KeyPanelViewController.swift */,
				51D7A83D1BBA7D970064AA4B /* Keypad View Controller */,
			);
			name = "Key Panel View Controller";
			sourceTree = "<group>";
		};
		51D7A83B1BBA7D740064AA4B /* Equation View Controller */ = {
			isa = PBXGroup;
			children = (
				51D28B0B1B6C4B7C009A0AEC /* EquationViewController.swift */,
				51D7A83C1BBA7D840064AA4B /* Question / Answer Collection View Controller */,
			);
			name = "Equation View Controller";
			sourceTree = "<group>";
		};
		51D7A83C1BBA7D840064AA4B /* Question / Answer Collection View Controller */ = {
			isa = PBXGroup;
			children = (
				51D28B0D1B6D0D2D009A0AEC /* QuestionCollectionViewController.swift */,
				51D7A8411BBA7F2D0064AA4B /* StyleFormatter.swift */,
				51D28B4D1B6D1BA9009A0AEC /* FractionViewCell.xib */,
				51D28B4F1B6D1C0F009A0AEC /* FractionViewCell.swift */,
				51D28B0F1B6D0FE1009A0AEC /* EquationViewCell.xib */,
				51D28B111B6D100A009A0AEC /* EquationViewCell.swift */,
			);
			name = "Question / Answer Collection View Controller";
			sourceTree = "<group>";
		};
		51D7A83D1BBA7D970064AA4B /* Keypad View Controller */ = {
			isa = PBXGroup;
			children = (
				51279AE61B73A8720036DF3D /* KeypadConstructor.swift */,
				510D3AC11B6B659E00D1A07F /* KeypadViewController.swift */,
				51D7A83E1BBA7DAB0064AA4B /* Key Stack View */,
			);
			name = "Keypad View Controller";
			sourceTree = "<group>";
		};
		51D7A83E1BBA7DAB0064AA4B /* Key Stack View */ = {
			isa = PBXGroup;
			children = (
				51E84D301B8B5C3B00C3E28E /* CalcButton.swift */,
				51279AE41B739D6D0036DF3D /* KeyStackView.swift */,
				51279AE21B739D260036DF3D /* KeyStackView.xib */,
			);
			name = "Key Stack View";
			sourceTree = "<group>";
		};
		51D7A83F1BBA7DE60064AA4B /* Natural Language Parser */ = {
			isa = PBXGroup;
			children = (
				510D3AB61B6B657F00D1A07F /* Dictionary_English.plist */,
				510D3ABA1B6B657F00D1A07F /* NaturalLanguageParser.swift */,
			);
			name = "Natural Language Parser";
			sourceTree = "<group>";
		};
		51D7A8401BBA7DF00064AA4B /* Evaluator */ = {
			isa = PBXGroup;
			children = (
				510D3AB81B6B657F00D1A07F /* Evaluator.swift */,
			);
			name = Evaluator;
			sourceTree = "<group>";
		};
		5627A73F1BC68F3F0005495F /* Numerical2-Watch */ = {
			isa = PBXGroup;
			children = (
				5627A7611BC722FC0005495F /* Numerical2-Watch.entitlements */,
				5627A7401BC68F3F0005495F /* Interface.storyboard */,
				5627A7431BC68F3F0005495F /* Assets.xcassets */,
				5627A7451BC68F3F0005495F /* Info.plist */,
			);
			path = "Numerical2-Watch";
			sourceTree = "<group>";
		};
		5627A74E1BC68F3F0005495F /* Numerical2-Watch Extension */ = {
			isa = PBXGroup;
			children = (
				5627A7621BC72C630005495F /* Numerical2-Watch Extension.entitlements */,
				5627A74F1BC68F3F0005495F /* MainInterfaceController.swift */,
				5627A7511BC68F3F0005495F /* ExtensionDelegate.swift */,
				5627A7631BC74CB30005495F /* WatchCalculatorThreeButtonRow.swift */,
				5627A7651BC74EA10005495F /* WatchKeyboardCalculatorController.swift */,
				5627A7671BC750EE0005495F /* WatchCalculatorOneButtonRow.swift */,
				5627A7531BC68F3F0005495F /* Assets.xcassets */,
				5627A7551BC68F3F0005495F /* Info.plist */,
				5638AC081BD06F910028C41E /* WatchEquation.swift */,
				56DE8F1B1BD309EE00D79DC7 /* PhoneCommunicator.swift */,
			);
			path = "Numerical2-Watch Extension";
			sourceTree = "<group>";
		};
		5685FE8F1BCACA490019BC04 /* OpenEars */ = {
			isa = PBXGroup;
			children = (
				5685FE901BCACA490019BC04 /* AcousticModelEnglish.bundle */,
				5685FE911BCACA490019BC04 /* AcousticModelSpanish.bundle */,
				5685FE921BCACA490019BC04 /* OpenEars.framework */,
				5685FE931BCACA490019BC04 /* Slt.framework */,
				5685FE9A1BCACBB40019BC04 /* OpenEarsWrapper.h */,
				5685FE9B1BCACBB40019BC04 /* OpenEarsWrapper.m */,
			);
			name = OpenEars;
			path = Framework;
			sourceTree = "<group>";
		};
		5685FE9D1BCAE32B0019BC04 /* IAP */ = {
			isa = PBXGroup;
			children = (
				5685FEA31BCAE7A70019BC04 /* RMStoreKeychainPersistence.h */,
				5685FEA41BCAE7A70019BC04 /* RMStoreKeychainPersistence.m */,
				5685FE9E1BCAE3340019BC04 /* RMStore.h */,
				5685FE9F1BCAE3340019BC04 /* RMStore.m */,
				5685FEA11BCAE38B0019BC04 /* StoreKitWrapper.swift */,
			);
			name = IAP;
			sourceTree = "<group>";
		};
/* End PBXGroup section */

/* Begin PBXNativeTarget section */
		5131970B1B6ADD5900E9B802 /* Numerical2 */ = {
			isa = PBXNativeTarget;
			buildConfigurationList = 513197341B6ADD5900E9B802 /* Build configuration list for PBXNativeTarget "Numerical2" */;
			buildPhases = (
				513197081B6ADD5900E9B802 /* Sources */,
				513197091B6ADD5900E9B802 /* Frameworks */,
				5131970A1B6ADD5900E9B802 /* Resources */,
				5627A7601BC68F3F0005495F /* Embed Watch Content */,
			);
			buildRules = (
			);
			dependencies = (
				5627A7571BC68F3F0005495F /* PBXTargetDependency */,
			);
			name = Numerical2;
			productName = Numerical2;
			productReference = 5131970C1B6ADD5900E9B802 /* Numerical2.app */;
			productType = "com.apple.product-type.application";
		};
		5131971F1B6ADD5900E9B802 /* Numerical2Tests */ = {
			isa = PBXNativeTarget;
			buildConfigurationList = 513197371B6ADD5900E9B802 /* Build configuration list for PBXNativeTarget "Numerical2Tests" */;
			buildPhases = (
				5131971C1B6ADD5900E9B802 /* Sources */,
				5131971D1B6ADD5900E9B802 /* Frameworks */,
				5131971E1B6ADD5900E9B802 /* Resources */,
			);
			buildRules = (
			);
			dependencies = (
				513197221B6ADD5900E9B802 /* PBXTargetDependency */,
			);
			name = Numerical2Tests;
			productName = Numerical2Tests;
			productReference = 513197201B6ADD5900E9B802 /* Numerical2Tests.xctest */;
			productType = "com.apple.product-type.bundle.unit-test";
		};
		5131972A1B6ADD5900E9B802 /* Numerical2UITests */ = {
			isa = PBXNativeTarget;
			buildConfigurationList = 5131973A1B6ADD5900E9B802 /* Build configuration list for PBXNativeTarget "Numerical2UITests" */;
			buildPhases = (
				513197271B6ADD5900E9B802 /* Sources */,
				513197281B6ADD5900E9B802 /* Frameworks */,
				513197291B6ADD5900E9B802 /* Resources */,
			);
			buildRules = (
			);
			dependencies = (
				5131972D1B6ADD5900E9B802 /* PBXTargetDependency */,
			);
			name = Numerical2UITests;
			productName = Numerical2UITests;
			productReference = 5131972B1B6ADD5900E9B802 /* Numerical2UITests.xctest */;
			productType = "com.apple.product-type.bundle.ui-testing";
		};
		5627A73D1BC68F3F0005495F /* Numerical2-Watch */ = {
			isa = PBXNativeTarget;
			buildConfigurationList = 5627A75F1BC68F3F0005495F /* Build configuration list for PBXNativeTarget "Numerical2-Watch" */;
			buildPhases = (
				5627A73C1BC68F3F0005495F /* Resources */,
				5627A75E1BC68F3F0005495F /* Embed App Extensions */,
			);
			buildRules = (
			);
			dependencies = (
				5627A74D1BC68F3F0005495F /* PBXTargetDependency */,
			);
			name = "Numerical2-Watch";
			productName = "Numerical2-Watch";
			productReference = 5627A73E1BC68F3F0005495F /* Numerical2-Watch.app */;
			productType = "com.apple.product-type.application.watchapp2";
		};
		5627A7491BC68F3F0005495F /* Numerical2-Watch Extension */ = {
			isa = PBXNativeTarget;
			buildConfigurationList = 5627A75D1BC68F3F0005495F /* Build configuration list for PBXNativeTarget "Numerical2-Watch Extension" */;
			buildPhases = (
				5627A7461BC68F3F0005495F /* Sources */,
				5627A7471BC68F3F0005495F /* Frameworks */,
				5627A7481BC68F3F0005495F /* Resources */,
			);
			buildRules = (
			);
			dependencies = (
			);
			name = "Numerical2-Watch Extension";
			productName = "Numerical2-Watch Extension";
			productReference = 5627A74A1BC68F3F0005495F /* Numerical2-Watch Extension.appex */;
			productType = "com.apple.product-type.watchkit2-extension";
		};
/* End PBXNativeTarget section */

/* Begin PBXProject section */
		513197041B6ADD5900E9B802 /* Project object */ = {
			isa = PBXProject;
			attributes = {
				LastSwiftUpdateCheck = 0700;
				LastUpgradeCheck = 0700;
				ORGANIZATIONNAME = "Very Tiny Machines";
				TargetAttributes = {
					5131970B1B6ADD5900E9B802 = {
						CreatedOnToolsVersion = 7.0;
						DevelopmentTeam = C583RN882K;
						SystemCapabilities = {
							com.apple.ApplicationGroups.iOS = {
								enabled = 1;
							};
							com.apple.InAppPurchase = {
								enabled = 1;
							};
							com.apple.Push = {
								enabled = 1;
							};
							com.apple.iCloud = {
								enabled = 1;
							};
						};
					};
					5131971F1B6ADD5900E9B802 = {
						CreatedOnToolsVersion = 7.0;
						TestTargetID = 5131970B1B6ADD5900E9B802;
					};
					5131972A1B6ADD5900E9B802 = {
						CreatedOnToolsVersion = 7.0;
						TestTargetID = 5131970B1B6ADD5900E9B802;
					};
					5627A73D1BC68F3F0005495F = {
						CreatedOnToolsVersion = 7.0.1;
						DevelopmentTeam = C583RN882K;
						SystemCapabilities = {
							com.apple.ApplicationGroups.iOS = {
								enabled = 1;
							};
						};
					};
					5627A7491BC68F3F0005495F = {
						CreatedOnToolsVersion = 7.0.1;
						DevelopmentTeam = C583RN882K;
						SystemCapabilities = {
							com.apple.ApplicationGroups.iOS = {
								enabled = 1;
							};
						};
					};
				};
			};
			buildConfigurationList = 513197071B6ADD5900E9B802 /* Build configuration list for PBXProject "Numerical2" */;
			compatibilityVersion = "Xcode 3.2";
			developmentRegion = English;
			hasScannedForEncodings = 0;
			knownRegions = (
				en,
				Base,
			);
			mainGroup = 513197031B6ADD5900E9B802;
			productRefGroup = 5131970D1B6ADD5900E9B802 /* Products */;
			projectDirPath = "";
			projectRoot = "";
			targets = (
				5131970B1B6ADD5900E9B802 /* Numerical2 */,
				5131971F1B6ADD5900E9B802 /* Numerical2Tests */,
				5131972A1B6ADD5900E9B802 /* Numerical2UITests */,
				5627A73D1BC68F3F0005495F /* Numerical2-Watch */,
				5627A7491BC68F3F0005495F /* Numerical2-Watch Extension */,
			);
		};
/* End PBXProject section */

/* Begin PBXResourcesBuildPhase section */
		5131970A1B6ADD5900E9B802 /* Resources */ = {
			isa = PBXResourcesBuildPhase;
			buildActionMask = 2147483647;
			files = (
				51279AE31B739D260036DF3D /* KeyStackView.xib in Resources */,
				5685FE951BCACA490019BC04 /* AcousticModelSpanish.bundle in Resources */,
				5685FE941BCACA490019BC04 /* AcousticModelEnglish.bundle in Resources */,
				5131971A1B6ADD5900E9B802 /* LaunchScreen.storyboard in Resources */,
				510D3ABC1B6B657F00D1A07F /* Dictionary_English.plist in Resources */,
				51D28B101B6D0FE1009A0AEC /* EquationViewCell.xib in Resources */,
				513197171B6ADD5900E9B802 /* Assets.xcassets in Resources */,
				51D28B4E1B6D1BA9009A0AEC /* FractionViewCell.xib in Resources */,
				513197151B6ADD5900E9B802 /* Main.storyboard in Resources */,
			);
			runOnlyForDeploymentPostprocessing = 0;
		};
		5131971E1B6ADD5900E9B802 /* Resources */ = {
			isa = PBXResourcesBuildPhase;
			buildActionMask = 2147483647;
			files = (
			);
			runOnlyForDeploymentPostprocessing = 0;
		};
		513197291B6ADD5900E9B802 /* Resources */ = {
			isa = PBXResourcesBuildPhase;
			buildActionMask = 2147483647;
			files = (
			);
			runOnlyForDeploymentPostprocessing = 0;
		};
		5627A73C1BC68F3F0005495F /* Resources */ = {
			isa = PBXResourcesBuildPhase;
			buildActionMask = 2147483647;
			files = (
				5627A7441BC68F3F0005495F /* Assets.xcassets in Resources */,
				5627A7421BC68F3F0005495F /* Interface.storyboard in Resources */,
			);
			runOnlyForDeploymentPostprocessing = 0;
		};
		5627A7481BC68F3F0005495F /* Resources */ = {
			isa = PBXResourcesBuildPhase;
			buildActionMask = 2147483647;
			files = (
				5627A7541BC68F3F0005495F /* Assets.xcassets in Resources */,
			);
			runOnlyForDeploymentPostprocessing = 0;
		};
/* End PBXResourcesBuildPhase section */

/* Begin PBXSourcesBuildPhase section */
		513197081B6ADD5900E9B802 /* Sources */ = {
			isa = PBXSourcesBuildPhase;
			buildActionMask = 2147483647;
			files = (
				510D3ABE1B6B657F00D1A07F /* Evaluator.swift in Sources */,
				51D28B0C1B6C4B7C009A0AEC /* EquationViewController.swift in Sources */,
				5685FEA21BCAE38B0019BC04 /* StoreKitWrapper.swift in Sources */,
				5685FEA01BCAE3340019BC04 /* RMStore.m in Sources */,
				510D3AC21B6B659E00D1A07F /* KeypadViewController.swift in Sources */,
				519B1B0A1BA03C9700C06E70 /* Pad+CoreDataProperties.swift in Sources */,
				51D7A8421BBA7F2D0064AA4B /* StyleFormatter.swift in Sources */,
				56DE8F1D1BD312E800D79DC7 /* WatchEquation.swift in Sources */,
				51D28B501B6D1C0F009A0AEC /* FractionViewCell.swift in Sources */,
				51F2F44D1B6C3FAE00B845CA /* KeyPanelViewController.swift in Sources */,
				519B1B081BA03C9700C06E70 /* EquationStore.swift in Sources */,
				519B1B0C1BA03C9700C06E70 /* SinkableCoreDataStore.swift in Sources */,
				510D3ABB1B6B657F00D1A07F /* CalculatorBrain.swift in Sources */,
				510D3ABF1B6B657F00D1A07F /* Glossary.swift in Sources */,
				519B1B061BA03C9700C06E70 /* Equation+CoreDataProperties.swift in Sources */,
				51279AE51B739D6D0036DF3D /* KeyStackView.swift in Sources */,
				5685FE9C1BCACBB40019BC04 /* OpenEarsWrapper.m in Sources */,
				519B1B131BA0532A00C06E70 /* HistoryCell.swift in Sources */,
				51D28B121B6D100A009A0AEC /* EquationViewCell.swift in Sources */,
				519B1B071BA03C9700C06E70 /* Equation.swift in Sources */,
				519B1B0B1BA03C9700C06E70 /* Pad.swift in Sources */,
				5685FEA51BCAE7A70019BC04 /* RMStoreKeychainPersistence.m in Sources */,
				56DE8F1F1BD316F600D79DC7 /* WatchCommunicator.swift in Sources */,
				51279AE71B73A8720036DF3D /* KeypadConstructor.swift in Sources */,
				51E84D311B8B5C3B00C3E28E /* CalcButton.swift in Sources */,
				519B1B111BA04F1C00C06E70 /* HistoryViewController.swift in Sources */,
				51F2F44F1B6C421B00B845CA /* WorkPanelViewController.swift in Sources */,
				51D28B0E1B6D0D2D009A0AEC /* QuestionCollectionViewController.swift in Sources */,
				519B1B051BA03C9700C06E70 /* DeviceHelper.swift in Sources */,
				519B1B0F1BA03CAE00C06E70 /* SinkableUserDefaults.swift in Sources */,
				513197121B6ADD5900E9B802 /* ViewController.swift in Sources */,
				513197101B6ADD5900E9B802 /* AppDelegate.swift in Sources */,
				519B1B091BA03C9700C06E70 /* NumericalDataModel.xcdatamodeld in Sources */,
				510D3AC01B6B657F00D1A07F /* NaturalLanguageParser.swift in Sources */,
			);
			runOnlyForDeploymentPostprocessing = 0;
		};
		5131971C1B6ADD5900E9B802 /* Sources */ = {
			isa = PBXSourcesBuildPhase;
			buildActionMask = 2147483647;
			files = (
				5117D8491B941B3D003DF8DA /* Glossary.swift in Sources */,
				5117D84A1B941B3F003DF8DA /* Evaluator.swift in Sources */,
				5117D8461B941A2B003DF8DA /* CalculatorBrain.swift in Sources */,
				513197251B6ADD5900E9B802 /* Numerical2Tests.swift in Sources */,
			);
			runOnlyForDeploymentPostprocessing = 0;
		};
		513197271B6ADD5900E9B802 /* Sources */ = {
			isa = PBXSourcesBuildPhase;
			buildActionMask = 2147483647;
			files = (
				513197301B6ADD5900E9B802 /* Numerical2UITests.swift in Sources */,
			);
			runOnlyForDeploymentPostprocessing = 0;
		};
		5627A7461BC68F3F0005495F /* Sources */ = {
			isa = PBXSourcesBuildPhase;
			buildActionMask = 2147483647;
			files = (
				5627A7691BC7D5ED0005495F /* CalculatorBrain.swift in Sources */,
				5627A76A1BC7D6020005495F /* Evaluator.swift in Sources */,
				564CB5D31BCE8616008F8666 /* NaturalLanguageParser.swift in Sources */,
				5627A7681BC750EE0005495F /* WatchCalculatorOneButtonRow.swift in Sources */,
				5627A7661BC74EA10005495F /* WatchKeyboardCalculatorController.swift in Sources */,
				5627A7521BC68F3F0005495F /* ExtensionDelegate.swift in Sources */,
				564DA2331BCD244500EFD28B /* SinkableUserDefaults.swift in Sources */,
				5638AC091BD06F910028C41E /* WatchEquation.swift in Sources */,
				5627A76B1BC7D60B0005495F /* Glossary.swift in Sources */,
				56DE8F1C1BD309EE00D79DC7 /* PhoneCommunicator.swift in Sources */,
				5627A7641BC74CB30005495F /* WatchCalculatorThreeButtonRow.swift in Sources */,
				5627A7501BC68F3F0005495F /* MainInterfaceController.swift in Sources */,
			);
			runOnlyForDeploymentPostprocessing = 0;
		};
/* End PBXSourcesBuildPhase section */

/* Begin PBXTargetDependency section */
		513197221B6ADD5900E9B802 /* PBXTargetDependency */ = {
			isa = PBXTargetDependency;
			target = 5131970B1B6ADD5900E9B802 /* Numerical2 */;
			targetProxy = 513197211B6ADD5900E9B802 /* PBXContainerItemProxy */;
		};
		5131972D1B6ADD5900E9B802 /* PBXTargetDependency */ = {
			isa = PBXTargetDependency;
			target = 5131970B1B6ADD5900E9B802 /* Numerical2 */;
			targetProxy = 5131972C1B6ADD5900E9B802 /* PBXContainerItemProxy */;
		};
		5627A74D1BC68F3F0005495F /* PBXTargetDependency */ = {
			isa = PBXTargetDependency;
			target = 5627A7491BC68F3F0005495F /* Numerical2-Watch Extension */;
			targetProxy = 5627A74C1BC68F3F0005495F /* PBXContainerItemProxy */;
		};
		5627A7571BC68F3F0005495F /* PBXTargetDependency */ = {
			isa = PBXTargetDependency;
			target = 5627A73D1BC68F3F0005495F /* Numerical2-Watch */;
			targetProxy = 5627A7561BC68F3F0005495F /* PBXContainerItemProxy */;
		};
/* End PBXTargetDependency section */

/* Begin PBXVariantGroup section */
		513197131B6ADD5900E9B802 /* Main.storyboard */ = {
			isa = PBXVariantGroup;
			children = (
				513197141B6ADD5900E9B802 /* Base */,
			);
			name = Main.storyboard;
			sourceTree = "<group>";
		};
		513197181B6ADD5900E9B802 /* LaunchScreen.storyboard */ = {
			isa = PBXVariantGroup;
			children = (
				513197191B6ADD5900E9B802 /* Base */,
			);
			name = LaunchScreen.storyboard;
			sourceTree = "<group>";
		};
		5627A7401BC68F3F0005495F /* Interface.storyboard */ = {
			isa = PBXVariantGroup;
			children = (
				5627A7411BC68F3F0005495F /* Base */,
			);
			name = Interface.storyboard;
			sourceTree = "<group>";
		};
/* End PBXVariantGroup section */

/* Begin XCBuildConfiguration section */
		513197321B6ADD5900E9B802 /* Debug */ = {
			isa = XCBuildConfiguration;
			buildSettings = {
				ALWAYS_SEARCH_USER_PATHS = NO;
				CLANG_CXX_LANGUAGE_STANDARD = "gnu++0x";
				CLANG_CXX_LIBRARY = "libc++";
				CLANG_ENABLE_MODULES = YES;
				CLANG_ENABLE_OBJC_ARC = YES;
				CLANG_WARN_BOOL_CONVERSION = YES;
				CLANG_WARN_CONSTANT_CONVERSION = YES;
				CLANG_WARN_DIRECT_OBJC_ISA_USAGE = YES_ERROR;
				CLANG_WARN_EMPTY_BODY = YES;
				CLANG_WARN_ENUM_CONVERSION = YES;
				CLANG_WARN_INT_CONVERSION = YES;
				CLANG_WARN_OBJC_ROOT_CLASS = YES_ERROR;
				CLANG_WARN_UNREACHABLE_CODE = YES;
				CLANG_WARN__DUPLICATE_METHOD_MATCH = YES;
				"CODE_SIGN_IDENTITY[sdk=iphoneos*]" = "iPhone Developer";
				COPY_PHASE_STRIP = NO;
				DEBUG_INFORMATION_FORMAT = dwarf;
				ENABLE_STRICT_OBJC_MSGSEND = YES;
				ENABLE_TESTABILITY = YES;
				GCC_C_LANGUAGE_STANDARD = gnu99;
				GCC_DYNAMIC_NO_PIC = NO;
				GCC_NO_COMMON_BLOCKS = YES;
				GCC_OPTIMIZATION_LEVEL = 0;
				GCC_PREPROCESSOR_DEFINITIONS = (
					"DEBUG=1",
					"$(inherited)",
				);
				GCC_WARN_64_TO_32_BIT_CONVERSION = YES;
				GCC_WARN_ABOUT_RETURN_TYPE = YES_ERROR;
				GCC_WARN_UNDECLARED_SELECTOR = YES;
				GCC_WARN_UNINITIALIZED_AUTOS = YES_AGGRESSIVE;
				GCC_WARN_UNUSED_FUNCTION = YES;
				GCC_WARN_UNUSED_VARIABLE = YES;
				IPHONEOS_DEPLOYMENT_TARGET = 9.0;
				MTL_ENABLE_DEBUG_INFO = YES;
				ONLY_ACTIVE_ARCH = YES;
				SDKROOT = iphoneos;
				SWIFT_OPTIMIZATION_LEVEL = "-Onone";
				TARGETED_DEVICE_FAMILY = "1,2";
			};
			name = Debug;
		};
		513197331B6ADD5900E9B802 /* Release */ = {
			isa = XCBuildConfiguration;
			buildSettings = {
				ALWAYS_SEARCH_USER_PATHS = NO;
				CLANG_CXX_LANGUAGE_STANDARD = "gnu++0x";
				CLANG_CXX_LIBRARY = "libc++";
				CLANG_ENABLE_MODULES = YES;
				CLANG_ENABLE_OBJC_ARC = YES;
				CLANG_WARN_BOOL_CONVERSION = YES;
				CLANG_WARN_CONSTANT_CONVERSION = YES;
				CLANG_WARN_DIRECT_OBJC_ISA_USAGE = YES_ERROR;
				CLANG_WARN_EMPTY_BODY = YES;
				CLANG_WARN_ENUM_CONVERSION = YES;
				CLANG_WARN_INT_CONVERSION = YES;
				CLANG_WARN_OBJC_ROOT_CLASS = YES_ERROR;
				CLANG_WARN_UNREACHABLE_CODE = YES;
				CLANG_WARN__DUPLICATE_METHOD_MATCH = YES;
				"CODE_SIGN_IDENTITY[sdk=iphoneos*]" = "iPhone Developer";
				COPY_PHASE_STRIP = NO;
				DEBUG_INFORMATION_FORMAT = "dwarf-with-dsym";
				ENABLE_NS_ASSERTIONS = NO;
				ENABLE_STRICT_OBJC_MSGSEND = YES;
				GCC_C_LANGUAGE_STANDARD = gnu99;
				GCC_NO_COMMON_BLOCKS = YES;
				GCC_WARN_64_TO_32_BIT_CONVERSION = YES;
				GCC_WARN_ABOUT_RETURN_TYPE = YES_ERROR;
				GCC_WARN_UNDECLARED_SELECTOR = YES;
				GCC_WARN_UNINITIALIZED_AUTOS = YES_AGGRESSIVE;
				GCC_WARN_UNUSED_FUNCTION = YES;
				GCC_WARN_UNUSED_VARIABLE = YES;
				IPHONEOS_DEPLOYMENT_TARGET = 9.0;
				MTL_ENABLE_DEBUG_INFO = NO;
				SDKROOT = iphoneos;
				TARGETED_DEVICE_FAMILY = "1,2";
				VALIDATE_PRODUCT = YES;
			};
			name = Release;
		};
		513197351B6ADD5900E9B802 /* Debug */ = {
			isa = XCBuildConfiguration;
			buildSettings = {
				ASSETCATALOG_COMPILER_APPICON_NAME = AppIcon;
				CLANG_ENABLE_MODULES = YES;
				CODE_SIGN_ENTITLEMENTS = Numerical2/Numerical2.entitlements;
				CODE_SIGN_IDENTITY = "iPhone Developer";
				"CODE_SIGN_IDENTITY[sdk=iphoneos*]" = "iPhone Developer";
				ENABLE_BITCODE = NO;
				FRAMEWORK_SEARCH_PATHS = (
					"$(inherited)",
					"$(PROJECT_DIR)/Numerical2/Framework",
				);
				INFOPLIST_FILE = Numerical2/Info.plist;
				LD_RUNPATH_SEARCH_PATHS = "$(inherited) @executable_path/Frameworks";
				PRODUCT_BUNDLE_IDENTIFIER = com.andrewjclark.numericalapp;
				PRODUCT_NAME = "$(TARGET_NAME)";
				PROVISIONING_PROFILE = "";
				SWIFT_OBJC_BRIDGING_HEADER = "Numerical2/Framework/Numerical2-Bridging-Header.h";
				SWIFT_OPTIMIZATION_LEVEL = "-Onone";
			};
			name = Debug;
		};
		513197361B6ADD5900E9B802 /* Release */ = {
			isa = XCBuildConfiguration;
			buildSettings = {
				ASSETCATALOG_COMPILER_APPICON_NAME = AppIcon;
				CLANG_ENABLE_MODULES = YES;
				CODE_SIGN_ENTITLEMENTS = Numerical2/Numerical2.entitlements;
				CODE_SIGN_IDENTITY = "iPhone Developer";
				"CODE_SIGN_IDENTITY[sdk=iphoneos*]" = "iPhone Developer";
				ENABLE_BITCODE = NO;
				FRAMEWORK_SEARCH_PATHS = (
					"$(inherited)",
					"$(PROJECT_DIR)/Numerical2/Framework",
				);
				INFOPLIST_FILE = Numerical2/Info.plist;
				LD_RUNPATH_SEARCH_PATHS = "$(inherited) @executable_path/Frameworks";
				PRODUCT_BUNDLE_IDENTIFIER = com.andrewjclark.numericalapp;
				PRODUCT_NAME = "$(TARGET_NAME)";
				PROVISIONING_PROFILE = "";
				SWIFT_OBJC_BRIDGING_HEADER = "Numerical2/Framework/Numerical2-Bridging-Header.h";
			};
			name = Release;
		};
		513197381B6ADD5900E9B802 /* Debug */ = {
			isa = XCBuildConfiguration;
			buildSettings = {
				BUNDLE_LOADER = "$(TEST_HOST)";
				INFOPLIST_FILE = Numerical2Tests/Info.plist;
				LD_RUNPATH_SEARCH_PATHS = "$(inherited) @executable_path/Frameworks @loader_path/Frameworks";
				PRODUCT_BUNDLE_IDENTIFIER = com.andrewjclark.Numerical2Tests;
				PRODUCT_NAME = "$(TARGET_NAME)";
				TEST_HOST = "$(BUILT_PRODUCTS_DIR)/Numerical2.app/Numerical2";
			};
			name = Debug;
		};
		513197391B6ADD5900E9B802 /* Release */ = {
			isa = XCBuildConfiguration;
			buildSettings = {
				BUNDLE_LOADER = "$(TEST_HOST)";
				INFOPLIST_FILE = Numerical2Tests/Info.plist;
				LD_RUNPATH_SEARCH_PATHS = "$(inherited) @executable_path/Frameworks @loader_path/Frameworks";
				PRODUCT_BUNDLE_IDENTIFIER = com.andrewjclark.Numerical2Tests;
				PRODUCT_NAME = "$(TARGET_NAME)";
				TEST_HOST = "$(BUILT_PRODUCTS_DIR)/Numerical2.app/Numerical2";
			};
			name = Release;
		};
		5131973B1B6ADD5900E9B802 /* Debug */ = {
			isa = XCBuildConfiguration;
			buildSettings = {
				INFOPLIST_FILE = Numerical2UITests/Info.plist;
				LD_RUNPATH_SEARCH_PATHS = "$(inherited) @executable_path/Frameworks @loader_path/Frameworks";
				PRODUCT_BUNDLE_IDENTIFIER = com.andrewjclark.Numerical2UITests;
				PRODUCT_NAME = "$(TARGET_NAME)";
				TEST_TARGET_NAME = Numerical2;
				USES_XCTRUNNER = YES;
			};
			name = Debug;
		};
		5131973C1B6ADD5900E9B802 /* Release */ = {
			isa = XCBuildConfiguration;
			buildSettings = {
				INFOPLIST_FILE = Numerical2UITests/Info.plist;
				LD_RUNPATH_SEARCH_PATHS = "$(inherited) @executable_path/Frameworks @loader_path/Frameworks";
				PRODUCT_BUNDLE_IDENTIFIER = com.andrewjclark.Numerical2UITests;
				PRODUCT_NAME = "$(TARGET_NAME)";
				TEST_TARGET_NAME = Numerical2;
				USES_XCTRUNNER = YES;
			};
			name = Release;
		};
		5627A7591BC68F3F0005495F /* Debug */ = {
			isa = XCBuildConfiguration;
			buildSettings = {
				ASSETCATALOG_COMPILER_APPICON_NAME = AppIcon;
				CODE_SIGN_ENTITLEMENTS = "Numerical2-Watch/Numerical2-Watch.entitlements";
				CODE_SIGN_IDENTITY = "iPhone Developer";
				"CODE_SIGN_IDENTITY[sdk=iphoneos*]" = "iPhone Developer: Kevin Enax (S7TFF839Z5)";
				"CODE_SIGN_IDENTITY[sdk=watchos*]" = "iPhone Developer";
				EMBEDDED_CONTENT_CONTAINS_SWIFT = YES;
				IBSC_MODULE = Numerical2_Watch_Extension;
				INFOPLIST_FILE = "Numerical2-Watch/Info.plist";
				PRODUCT_BUNDLE_IDENTIFIER = com.andrewjclark.numericalapp.watch;
				PRODUCT_NAME = "$(TARGET_NAME)";
				PROVISIONING_PROFILE = "";
				SDKROOT = watchos;
				SKIP_INSTALL = YES;
				TARGETED_DEVICE_FAMILY = 4;
				WATCHOS_DEPLOYMENT_TARGET = 2.0;
			};
			name = Debug;
		};
		5627A75A1BC68F3F0005495F /* Release */ = {
			isa = XCBuildConfiguration;
			buildSettings = {
				ASSETCATALOG_COMPILER_APPICON_NAME = AppIcon;
				CODE_SIGN_ENTITLEMENTS = "Numerical2-Watch/Numerical2-Watch.entitlements";
				CODE_SIGN_IDENTITY = "iPhone Developer";
				"CODE_SIGN_IDENTITY[sdk=iphoneos*]" = "iPhone Developer";
				"CODE_SIGN_IDENTITY[sdk=watchos*]" = "iPhone Developer";
				EMBEDDED_CONTENT_CONTAINS_SWIFT = YES;
				IBSC_MODULE = Numerical2_Watch_Extension;
				INFOPLIST_FILE = "Numerical2-Watch/Info.plist";
				PRODUCT_BUNDLE_IDENTIFIER = com.andrewjclark.numericalapp.watch;
				PRODUCT_NAME = "$(TARGET_NAME)";
				PROVISIONING_PROFILE = "";
				SDKROOT = watchos;
				SKIP_INSTALL = YES;
				TARGETED_DEVICE_FAMILY = 4;
				WATCHOS_DEPLOYMENT_TARGET = 2.0;
			};
			name = Release;
		};
		5627A75B1BC68F3F0005495F /* Debug */ = {
			isa = XCBuildConfiguration;
			buildSettings = {
				CODE_SIGN_ENTITLEMENTS = "Numerical2-Watch Extension/Numerical2-Watch Extension.entitlements";
				CODE_SIGN_IDENTITY = "iPhone Developer";
				"CODE_SIGN_IDENTITY[sdk=watchos*]" = "iPhone Developer";
				INFOPLIST_FILE = "Numerical2-Watch Extension/Info.plist";
				LD_RUNPATH_SEARCH_PATHS = "$(inherited) @executable_path/Frameworks @executable_path/../../Frameworks";
				PRODUCT_BUNDLE_IDENTIFIER = com.andrewjclark.numericalapp.watch.extension;
				PRODUCT_NAME = "${TARGET_NAME}";
				PROVISIONING_PROFILE = "";
				SDKROOT = watchos;
				SKIP_INSTALL = YES;
				TARGETED_DEVICE_FAMILY = 4;
				WATCHOS_DEPLOYMENT_TARGET = 2.0;
			};
			name = Debug;
		};
		5627A75C1BC68F3F0005495F /* Release */ = {
			isa = XCBuildConfiguration;
			buildSettings = {
				CODE_SIGN_ENTITLEMENTS = "Numerical2-Watch Extension/Numerical2-Watch Extension.entitlements";
				CODE_SIGN_IDENTITY = "iPhone Developer";
				"CODE_SIGN_IDENTITY[sdk=iphoneos*]" = "iPhone Distribution";
				"CODE_SIGN_IDENTITY[sdk=watchos*]" = "iPhone Developer";
				INFOPLIST_FILE = "Numerical2-Watch Extension/Info.plist";
				LD_RUNPATH_SEARCH_PATHS = "$(inherited) @executable_path/Frameworks @executable_path/../../Frameworks";
				PRODUCT_BUNDLE_IDENTIFIER = com.andrewjclark.numericalapp.watch.extension;
				PRODUCT_NAME = "${TARGET_NAME}";
				PROVISIONING_PROFILE = "";
				SDKROOT = watchos;
				SKIP_INSTALL = YES;
				TARGETED_DEVICE_FAMILY = 4;
				WATCHOS_DEPLOYMENT_TARGET = 2.0;
			};
			name = Release;
		};
/* End XCBuildConfiguration section */

/* Begin XCConfigurationList section */
		513197071B6ADD5900E9B802 /* Build configuration list for PBXProject "Numerical2" */ = {
			isa = XCConfigurationList;
			buildConfigurations = (
				513197321B6ADD5900E9B802 /* Debug */,
				513197331B6ADD5900E9B802 /* Release */,
			);
			defaultConfigurationIsVisible = 0;
			defaultConfigurationName = Release;
		};
		513197341B6ADD5900E9B802 /* Build configuration list for PBXNativeTarget "Numerical2" */ = {
			isa = XCConfigurationList;
			buildConfigurations = (
				513197351B6ADD5900E9B802 /* Debug */,
				513197361B6ADD5900E9B802 /* Release */,
			);
			defaultConfigurationIsVisible = 0;
			defaultConfigurationName = Release;
		};
		513197371B6ADD5900E9B802 /* Build configuration list for PBXNativeTarget "Numerical2Tests" */ = {
			isa = XCConfigurationList;
			buildConfigurations = (
				513197381B6ADD5900E9B802 /* Debug */,
				513197391B6ADD5900E9B802 /* Release */,
			);
			defaultConfigurationIsVisible = 0;
			defaultConfigurationName = Release;
		};
		5131973A1B6ADD5900E9B802 /* Build configuration list for PBXNativeTarget "Numerical2UITests" */ = {
			isa = XCConfigurationList;
			buildConfigurations = (
				5131973B1B6ADD5900E9B802 /* Debug */,
				5131973C1B6ADD5900E9B802 /* Release */,
			);
			defaultConfigurationIsVisible = 0;
			defaultConfigurationName = Release;
		};
		5627A75D1BC68F3F0005495F /* Build configuration list for PBXNativeTarget "Numerical2-Watch Extension" */ = {
			isa = XCConfigurationList;
			buildConfigurations = (
				5627A75B1BC68F3F0005495F /* Debug */,
				5627A75C1BC68F3F0005495F /* Release */,
			);
			defaultConfigurationIsVisible = 0;
			defaultConfigurationName = Release;
		};
		5627A75F1BC68F3F0005495F /* Build configuration list for PBXNativeTarget "Numerical2-Watch" */ = {
			isa = XCConfigurationList;
			buildConfigurations = (
				5627A7591BC68F3F0005495F /* Debug */,
				5627A75A1BC68F3F0005495F /* Release */,
			);
			defaultConfigurationIsVisible = 0;
			defaultConfigurationName = Release;
		};
/* End XCConfigurationList section */

/* Begin XCVersionGroup section */
		519B1AFF1BA03C9700C06E70 /* NumericalDataModel.xcdatamodeld */ = {
			isa = XCVersionGroup;
			children = (
				519B1B001BA03C9700C06E70 /* NumericalDataModel 2.xcdatamodel */,
				519B1B011BA03C9700C06E70 /* NumericalDataModel.xcdatamodel */,
			);
			currentVersion = 519B1B001BA03C9700C06E70 /* NumericalDataModel 2.xcdatamodel */;
			path = NumericalDataModel.xcdatamodeld;
			sourceTree = "<group>";
			versionGroupType = wrapper.xcdatamodel;
		};
/* End XCVersionGroup section */
	};
	rootObject = 513197041B6ADD5900E9B802 /* Project object */;
}
