// !$*UTF8*$!
{
	archiveVersion = 1;
	classes = {
	};
	objectVersion = 46;
	objects = {

/* Begin PBXBuildFile section */
		510570831EA760B100120B6E /* QuestionCollectionView.swift in Sources */ = {isa = PBXBuildFile; fileRef = 510570821EA760B100120B6E /* QuestionCollectionView.swift */; };
		510D3ABB1B6B657F00D1A07F /* CalculatorBrain.swift in Sources */ = {isa = PBXBuildFile; fileRef = 510D3AB51B6B657F00D1A07F /* CalculatorBrain.swift */; };
		510D3ABE1B6B657F00D1A07F /* Evaluator.swift in Sources */ = {isa = PBXBuildFile; fileRef = 510D3AB81B6B657F00D1A07F /* Evaluator.swift */; };
		510D3ABF1B6B657F00D1A07F /* Glossary.swift in Sources */ = {isa = PBXBuildFile; fileRef = 510D3AB91B6B657F00D1A07F /* Glossary.swift */; };
		510D3AC21B6B659E00D1A07F /* KeypadViewController.swift in Sources */ = {isa = PBXBuildFile; fileRef = 510D3AC11B6B659E00D1A07F /* KeypadViewController.swift */; };
		510F15801DEBD6E400116A4D /* ThemeCoordinator.swift in Sources */ = {isa = PBXBuildFile; fileRef = 510F157F1DEBD6E400116A4D /* ThemeCoordinator.swift */; };
		5117D8461B941A2B003DF8DA /* CalculatorBrain.swift in Sources */ = {isa = PBXBuildFile; fileRef = 510D3AB51B6B657F00D1A07F /* CalculatorBrain.swift */; };
		5117D8491B941B3D003DF8DA /* Glossary.swift in Sources */ = {isa = PBXBuildFile; fileRef = 510D3AB91B6B657F00D1A07F /* Glossary.swift */; };
		5117D84A1B941B3F003DF8DA /* Evaluator.swift in Sources */ = {isa = PBXBuildFile; fileRef = 510D3AB81B6B657F00D1A07F /* Evaluator.swift */; };
		5119A9E01E6D08B500F16CE1 /* SettingsCell.swift in Sources */ = {isa = PBXBuildFile; fileRef = 5119A9DF1E6D08B500F16CE1 /* SettingsCell.swift */; };
		5119A9E21E6D24C900F16CE1 /* RoundedCorner_Left@2x.png in Resources */ = {isa = PBXBuildFile; fileRef = 5119A9E11E6D24C900F16CE1 /* RoundedCorner_Left@2x.png */; };
		5119A9E41E6D267D00F16CE1 /* RoundedCorner_Right@2x.png in Resources */ = {isa = PBXBuildFile; fileRef = 5119A9E31E6D267D00F16CE1 /* RoundedCorner_Right@2x.png */; };
		511D2A921E34760500957ADB /* StyleFormatter.swift in Sources */ = {isa = PBXBuildFile; fileRef = 51D7A8411BBA7F2D0064AA4B /* StyleFormatter.swift */; };
		511D2A941E3480EE00957ADB /* ThemeFormatter.swift in Sources */ = {isa = PBXBuildFile; fileRef = 511D2A931E3480EE00957ADB /* ThemeFormatter.swift */; };
		511D2A951E3482D300957ADB /* ThemeFormatter.swift in Sources */ = {isa = PBXBuildFile; fileRef = 511D2A931E3480EE00957ADB /* ThemeFormatter.swift */; };
		511D2A971E3485CB00957ADB /* Theme.swift in Sources */ = {isa = PBXBuildFile; fileRef = 511D2A961E3485CB00957ADB /* Theme.swift */; };
		511D2A981E3485D300957ADB /* Theme.swift in Sources */ = {isa = PBXBuildFile; fileRef = 511D2A961E3485CB00957ADB /* Theme.swift */; };
		511EA1FE1EA8D6D700E843C0 /* Numerical2b_120@2x.png in Resources */ = {isa = PBXBuildFile; fileRef = 511EA1FD1EA8D6D700E843C0 /* Numerical2b_120@2x.png */; };
		511EA2001EA8D6F500E843C0 /* Numerical2b_120@2x.png in Resources */ = {isa = PBXBuildFile; fileRef = 511EA1FF1EA8D6F500E843C0 /* Numerical2b_120@2x.png */; };
		512137BA1D967A730042EFC1 /* AboutViewController.swift in Sources */ = {isa = PBXBuildFile; fileRef = 512137B91D967A730042EFC1 /* AboutViewController.swift */; };
		512137BD1D969C760042EFC1 /* NumericalHelper.swift in Sources */ = {isa = PBXBuildFile; fileRef = 512137BC1D969C760042EFC1 /* NumericalHelper.swift */; };
		512137C11D96A76F0042EFC1 /* PremiumCoordinator.swift in Sources */ = {isa = PBXBuildFile; fileRef = 512137C01D96A76F0042EFC1 /* PremiumCoordinator.swift */; };
		512138241D96F6770042EFC1 /* CoreData.xcdatamodel in Sources */ = {isa = PBXBuildFile; fileRef = 512138231D96F6770042EFC1 /* CoreData.xcdatamodel */; };
		512138271D96F7590042EFC1 /* Equation+CoreDataClass.swift in Sources */ = {isa = PBXBuildFile; fileRef = 512138251D96F7590042EFC1 /* Equation+CoreDataClass.swift */; };
		512138281D96F7590042EFC1 /* Equation+CoreDataProperties.swift in Sources */ = {isa = PBXBuildFile; fileRef = 512138261D96F7590042EFC1 /* Equation+CoreDataProperties.swift */; };
		513197101B6ADD5900E9B802 /* AppDelegate.swift in Sources */ = {isa = PBXBuildFile; fileRef = 5131970F1B6ADD5900E9B802 /* AppDelegate.swift */; };
		513197121B6ADD5900E9B802 /* ViewController.swift in Sources */ = {isa = PBXBuildFile; fileRef = 513197111B6ADD5900E9B802 /* ViewController.swift */; };
		513197151B6ADD5900E9B802 /* Main.storyboard in Resources */ = {isa = PBXBuildFile; fileRef = 513197131B6ADD5900E9B802 /* Main.storyboard */; };
		513197171B6ADD5900E9B802 /* Assets.xcassets in Resources */ = {isa = PBXBuildFile; fileRef = 513197161B6ADD5900E9B802 /* Assets.xcassets */; };
		5131971A1B6ADD5900E9B802 /* LaunchScreen.storyboard in Resources */ = {isa = PBXBuildFile; fileRef = 513197181B6ADD5900E9B802 /* LaunchScreen.storyboard */; };
		513197251B6ADD5900E9B802 /* Numerical2Tests.swift in Sources */ = {isa = PBXBuildFile; fileRef = 513197241B6ADD5900E9B802 /* Numerical2Tests.swift */; };
		513197301B6ADD5900E9B802 /* Numerical2UITests.swift in Sources */ = {isa = PBXBuildFile; fileRef = 5131972F1B6ADD5900E9B802 /* Numerical2UITests.swift */; };
		513A9E051EA284690017D9A5 /* SimpleLogger.swift in Sources */ = {isa = PBXBuildFile; fileRef = 513A9E041EA284690017D9A5 /* SimpleLogger.swift */; };
		513C77131EAE4A950037121B /* SwipePageViewController.swift in Sources */ = {isa = PBXBuildFile; fileRef = 513C77121EAE4A950037121B /* SwipePageViewController.swift */; };
		5142AE3C1DA420EE0076D117 /* 5_Star-(alt).png in Resources */ = {isa = PBXBuildFile; fileRef = 5142AE361DA420EE0076D117 /* 5_Star-(alt).png */; };
		5142AE3D1DA420EE0076D117 /* 5_Star.png in Resources */ = {isa = PBXBuildFile; fileRef = 5142AE371DA420EE0076D117 /* 5_Star.png */; };
		5142AE3E1DA420EE0076D117 /* 54_Lock-(alt).png in Resources */ = {isa = PBXBuildFile; fileRef = 5142AE381DA420EE0076D117 /* 54_Lock-(alt).png */; };
		5142AE3F1DA420EE0076D117 /* 54_Lock.png in Resources */ = {isa = PBXBuildFile; fileRef = 5142AE391DA420EE0076D117 /* 54_Lock.png */; };
		5142AE401DA420EE0076D117 /* 55_Lock-Open-(alt).png in Resources */ = {isa = PBXBuildFile; fileRef = 5142AE3A1DA420EE0076D117 /* 55_Lock-Open-(alt).png */; };
		5142AE411DA420EE0076D117 /* 55_Lock-Open.png in Resources */ = {isa = PBXBuildFile; fileRef = 5142AE3B1DA420EE0076D117 /* 55_Lock-Open.png */; };
		515AF2181DC9549300170642 /* GoogleService-Info.plist in Resources */ = {isa = PBXBuildFile; fileRef = 515AF2171DC9549300170642 /* GoogleService-Info.plist */; };
		515DABE31DB23BE70028F2C7 /* NumericalTextField.swift in Sources */ = {isa = PBXBuildFile; fileRef = 515DABE21DB23BE60028F2C7 /* NumericalTextField.swift */; };
		515EB8FB1DA6A0150081D9FB /* SalesViewController.swift in Sources */ = {isa = PBXBuildFile; fileRef = 515EB8FA1DA6A0150081D9FB /* SalesViewController.swift */; };
		515F5EF31DFBCA5B00E182C3 /* NumericalViewController.swift in Sources */ = {isa = PBXBuildFile; fileRef = 512137BE1D969F280042EFC1 /* NumericalViewController.swift */; };
		516C481E1DFE74F1006E68CD /* ThemeCreatorViewController.swift in Sources */ = {isa = PBXBuildFile; fileRef = 516C481D1DFE74F1006E68CD /* ThemeCreatorViewController.swift */; };
		517470CC1D95C7B000E70A74 /* EquationStore.swift in Sources */ = {isa = PBXBuildFile; fileRef = 517470CB1D95C7B000E70A74 /* EquationStore.swift */; };
		517470CE1D95D35100E70A74 /* DataKeyStore.swift in Sources */ = {isa = PBXBuildFile; fileRef = 517470CD1D95D35100E70A74 /* DataKeyStore.swift */; };
		518A8BA61D96FAC0001D8B12 /* HistoryViewController.swift in Sources */ = {isa = PBXBuildFile; fileRef = 518A8BA51D96FAC0001D8B12 /* HistoryViewController.swift */; };
		518A8BA91D9703E0001D8B12 /* CloudKit.framework in Frameworks */ = {isa = PBXBuildFile; fileRef = 518A8BA81D9703E0001D8B12 /* CloudKit.framework */; };
		519B1B131BA0532A00C06E70 /* HistoryCell.swift in Sources */ = {isa = PBXBuildFile; fileRef = 519B1B121BA0532A00C06E70 /* HistoryCell.swift */; };
		519BA0951DD1192400786519 /* PremiumBug_1.png in Resources */ = {isa = PBXBuildFile; fileRef = 519BA0941DD1192400786519 /* PremiumBug_1.png */; };
		519BA0971DD11A0200786519 /* PremiumBug_2.png in Resources */ = {isa = PBXBuildFile; fileRef = 519BA0961DD11A0200786519 /* PremiumBug_2.png */; };
		519BA0991DD11AC900786519 /* PremiumBug_3.png in Resources */ = {isa = PBXBuildFile; fileRef = 519BA0981DD11AC900786519 /* PremiumBug_3.png */; };
		51AA3AD31EACB9B4005C0BD6 /* 18_Trash@2x.png in Resources */ = {isa = PBXBuildFile; fileRef = 51AA3AD21EACB9B4005C0BD6 /* 18_Trash@2x.png */; };
		51B2A29F1D95C304002A9AD8 /* Pad.swift in Sources */ = {isa = PBXBuildFile; fileRef = 51B2A29E1D95C304002A9AD8 /* Pad.swift */; };
		51BE48A61E13990C002A2B92 /* Keyboard.appex in Embed App Extensions */ = {isa = PBXBuildFile; fileRef = 51BE489F1E13990B002A2B92 /* Keyboard.appex */; settings = {ATTRIBUTES = (RemoveHeadersOnCopy, ); }; };
		51BE48AB1E1399FB002A2B92 /* CalculatorBrain.swift in Sources */ = {isa = PBXBuildFile; fileRef = 510D3AB51B6B657F00D1A07F /* CalculatorBrain.swift */; };
		51BE48AC1E1399FB002A2B92 /* Glossary.swift in Sources */ = {isa = PBXBuildFile; fileRef = 510D3AB91B6B657F00D1A07F /* Glossary.swift */; };
		51BE48AD1E139A12002A2B92 /* NumericalHelper.swift in Sources */ = {isa = PBXBuildFile; fileRef = 512137BC1D969C760042EFC1 /* NumericalHelper.swift */; };
		51BE48AE1E139A20002A2B92 /* Constants.swift in Sources */ = {isa = PBXBuildFile; fileRef = 5623BDF41BD40FDB0046B84D /* Constants.swift */; };
		51BE48B11E139AE3002A2B92 /* NumericalViewHelper.swift in Sources */ = {isa = PBXBuildFile; fileRef = 51BE48B01E139AE3002A2B92 /* NumericalViewHelper.swift */; };
		51BE48B21E139B8B002A2B92 /* Evaluator.swift in Sources */ = {isa = PBXBuildFile; fileRef = 510D3AB81B6B657F00D1A07F /* Evaluator.swift */; };
		51BE48B61E139BDF002A2B92 /* KeyboardViewController.swift in Sources */ = {isa = PBXBuildFile; fileRef = 51BE48B41E139BDF002A2B92 /* KeyboardViewController.swift */; };
		51BE48B71E139BDF002A2B92 /* KeyboardView.xib in Resources */ = {isa = PBXBuildFile; fileRef = 51BE48B51E139BDF002A2B92 /* KeyboardView.xib */; };
		51BE48BA1E13AA38002A2B92 /* UIColor+Numerical.swift in Sources */ = {isa = PBXBuildFile; fileRef = 51BE48B91E13AA38002A2B92 /* UIColor+Numerical.swift */; };
		51BE48BB1E13AA41002A2B92 /* UIColor+Numerical.swift in Sources */ = {isa = PBXBuildFile; fileRef = 51BE48B91E13AA38002A2B92 /* UIColor+Numerical.swift */; };
		51C1F15D1E2C3EA400A413A7 /* TutorialViewController.swift in Sources */ = {isa = PBXBuildFile; fileRef = 51C1F15C1E2C3EA400A413A7 /* TutorialViewController.swift */; };
		51C40E841DCC135C00930BFD /* professional-reverse.aiff in Resources */ = {isa = PBXBuildFile; fileRef = 51C40E7F1DCC135C00930BFD /* professional-reverse.aiff */; };
		51C40E851DCC135C00930BFD /* professional.aiff in Resources */ = {isa = PBXBuildFile; fileRef = 51C40E801DCC135C00930BFD /* professional.aiff */; };
		51C40E861DCC135C00930BFD /* rock.aiff in Resources */ = {isa = PBXBuildFile; fileRef = 51C40E811DCC135C00930BFD /* rock.aiff */; };
		51C40E871DCC135C00930BFD /* simple.aiff in Resources */ = {isa = PBXBuildFile; fileRef = 51C40E821DCC135C00930BFD /* simple.aiff */; };
		51C40E881DCC135C00930BFD /* slide-paper.aiff in Resources */ = {isa = PBXBuildFile; fileRef = 51C40E831DCC135C00930BFD /* slide-paper.aiff */; };
		51C40E8B1DCC167200930BFD /* SoundManager.swift in Sources */ = {isa = PBXBuildFile; fileRef = 51C40E8A1DCC167200930BFD /* SoundManager.swift */; };
		51C40ECD1DCC492200930BFD /* CustomAnimationController.swift in Sources */ = {isa = PBXBuildFile; fileRef = 51C40ECB1DCC492200930BFD /* CustomAnimationController.swift */; };
		51C40ECE1DCC492200930BFD /* CustomDismissAnimationController.swift in Sources */ = {isa = PBXBuildFile; fileRef = 51C40ECC1DCC492200930BFD /* CustomDismissAnimationController.swift */; };
		51D116771E8278700059C342 /* Theme_Phone_Keypad.png in Resources */ = {isa = PBXBuildFile; fileRef = 51D116751E8278700059C342 /* Theme_Phone_Keypad.png */; };
		51D116781E8278700059C342 /* Theme_Phone_StatusBar.png in Resources */ = {isa = PBXBuildFile; fileRef = 51D116761E8278700059C342 /* Theme_Phone_StatusBar.png */; };
		51D1167B1E827A730059C342 /* Theme_Pad_Keypad.png in Resources */ = {isa = PBXBuildFile; fileRef = 51D116791E827A730059C342 /* Theme_Pad_Keypad.png */; };
		51D1167C1E827A730059C342 /* Theme_Pad_StatusBar.png in Resources */ = {isa = PBXBuildFile; fileRef = 51D1167A1E827A730059C342 /* Theme_Pad_StatusBar.png */; };
		51D28B0C1B6C4B7C009A0AEC /* EquationViewController.swift in Sources */ = {isa = PBXBuildFile; fileRef = 51D28B0B1B6C4B7C009A0AEC /* EquationViewController.swift */; };
		51D28B0E1B6D0D2D009A0AEC /* QuestionCollectionViewController.swift in Sources */ = {isa = PBXBuildFile; fileRef = 51D28B0D1B6D0D2D009A0AEC /* QuestionCollectionViewController.swift */; };
		51D28B101B6D0FE1009A0AEC /* EquationViewCell.xib in Resources */ = {isa = PBXBuildFile; fileRef = 51D28B0F1B6D0FE1009A0AEC /* EquationViewCell.xib */; };
		51D28B121B6D100A009A0AEC /* EquationViewCell.swift in Sources */ = {isa = PBXBuildFile; fileRef = 51D28B111B6D100A009A0AEC /* EquationViewCell.swift */; };
		51D28B4E1B6D1BA9009A0AEC /* FractionViewCell.xib in Resources */ = {isa = PBXBuildFile; fileRef = 51D28B4D1B6D1BA9009A0AEC /* FractionViewCell.xib */; };
		51D28B501B6D1C0F009A0AEC /* FractionViewCell.swift in Sources */ = {isa = PBXBuildFile; fileRef = 51D28B4F1B6D1C0F009A0AEC /* FractionViewCell.swift */; };
		51D3AB2F1BC89AD40019B601 /* KeypadPageViewController.swift in Sources */ = {isa = PBXBuildFile; fileRef = 51D3AB2E1BC89AD40019B601 /* KeypadPageViewController.swift */; };
		51D7A8421BBA7F2D0064AA4B /* StyleFormatter.swift in Sources */ = {isa = PBXBuildFile; fileRef = 51D7A8411BBA7F2D0064AA4B /* StyleFormatter.swift */; };
		51D941A41E6CFBB300844568 /* SwitchCell.swift in Sources */ = {isa = PBXBuildFile; fileRef = 51D941A31E6CFBB300844568 /* SwitchCell.swift */; };
		51E032861E76C6F20000A2A5 /* AppIcon120x120@2x.png in Resources */ = {isa = PBXBuildFile; fileRef = 51E032851E76C6F20000A2A5 /* AppIcon120x120@2x.png */; };
		51E032881E76E6610000A2A5 /* WorkPanelShadow@2x.png in Resources */ = {isa = PBXBuildFile; fileRef = 51E032871E76E6610000A2A5 /* WorkPanelShadow@2x.png */; };
		51E84D311B8B5C3B00C3E28E /* CalcButton.swift in Sources */ = {isa = PBXBuildFile; fileRef = 51E84D301B8B5C3B00C3E28E /* CalcButton.swift */; };
		51EE5BA01BC5203A001C9D38 /* StoreKit.framework in Frameworks */ = {isa = PBXBuildFile; fileRef = 51EE5B9F1BC5203A001C9D38 /* StoreKit.framework */; };
		51F24F801DEFF8550023D15E /* ThemeViewController.swift in Sources */ = {isa = PBXBuildFile; fileRef = 51F24F7F1DEFF8550023D15E /* ThemeViewController.swift */; };
		51F2F44F1B6C421B00B845CA /* WorkPanelViewController.swift in Sources */ = {isa = PBXBuildFile; fileRef = 51F2F44E1B6C421B00B845CA /* WorkPanelViewController.swift */; };
		543E31F64E3A5AA850C8E8E1 /* Pods_Numerical2Tests.framework in Frameworks */ = {isa = PBXBuildFile; fileRef = 887EC6CEF501CADB94EDDAB7 /* Pods_Numerical2Tests.framework */; };
		5623BDF51BD40FDB0046B84D /* Constants.swift in Sources */ = {isa = PBXBuildFile; fileRef = 5623BDF41BD40FDB0046B84D /* Constants.swift */; };
		5685FE8C1BCACA2A0019BC04 /* AVFoundation.framework in Frameworks */ = {isa = PBXBuildFile; fileRef = 5685FE8B1BCACA2A0019BC04 /* AVFoundation.framework */; };
		5685FE8E1BCACA300019BC04 /* AudioToolbox.framework in Frameworks */ = {isa = PBXBuildFile; fileRef = 5685FE8D1BCACA300019BC04 /* AudioToolbox.framework */; };
		76671D5D4DDA9120F92E4AB7 /* Pods_Numerical2UITests.framework in Frameworks */ = {isa = PBXBuildFile; fileRef = F3CED7E09580B4D03F9B89C2 /* Pods_Numerical2UITests.framework */; };
		CB3A46A232581C00E24A95C3 /* Pods_Numerical2.framework in Frameworks */ = {isa = PBXBuildFile; fileRef = 5A3F107D8FF5009611D301AD /* Pods_Numerical2.framework */; };
/* End PBXBuildFile section */

/* Begin PBXContainerItemProxy section */
		513197211B6ADD5900E9B802 /* PBXContainerItemProxy */ = {
			isa = PBXContainerItemProxy;
			containerPortal = 513197041B6ADD5900E9B802 /* Project object */;
			proxyType = 1;
			remoteGlobalIDString = 5131970B1B6ADD5900E9B802;
			remoteInfo = Numerical2;
		};
		5131972C1B6ADD5900E9B802 /* PBXContainerItemProxy */ = {
			isa = PBXContainerItemProxy;
			containerPortal = 513197041B6ADD5900E9B802 /* Project object */;
			proxyType = 1;
			remoteGlobalIDString = 5131970B1B6ADD5900E9B802;
			remoteInfo = Numerical2;
		};
		51BE48A41E13990C002A2B92 /* PBXContainerItemProxy */ = {
			isa = PBXContainerItemProxy;
			containerPortal = 513197041B6ADD5900E9B802 /* Project object */;
			proxyType = 1;
			remoteGlobalIDString = 51BE489E1E13990B002A2B92;
			remoteInfo = Keyboard;
		};
/* End PBXContainerItemProxy section */

/* Begin PBXCopyFilesBuildPhase section */
		51BE48AA1E13990C002A2B92 /* Embed App Extensions */ = {
			isa = PBXCopyFilesBuildPhase;
			buildActionMask = 2147483647;
			dstPath = "";
			dstSubfolderSpec = 13;
			files = (
				51BE48A61E13990C002A2B92 /* Keyboard.appex in Embed App Extensions */,
			);
			name = "Embed App Extensions";
			runOnlyForDeploymentPostprocessing = 0;
		};
		5627A7601BC68F3F0005495F /* Embed Watch Content */ = {
			isa = PBXCopyFilesBuildPhase;
			buildActionMask = 2147483647;
			dstPath = "$(CONTENTS_FOLDER_PATH)/Watch";
			dstSubfolderSpec = 16;
			files = (
			);
			name = "Embed Watch Content";
			runOnlyForDeploymentPostprocessing = 0;
		};
/* End PBXCopyFilesBuildPhase section */

/* Begin PBXFileReference section */
		38E3580757802F55FE75C212 /* Pods-Numerical2.release.xcconfig */ = {isa = PBXFileReference; includeInIndex = 1; lastKnownFileType = text.xcconfig; name = "Pods-Numerical2.release.xcconfig"; path = "Pods/Target Support Files/Pods-Numerical2/Pods-Numerical2.release.xcconfig"; sourceTree = "<group>"; };
		510570821EA760B100120B6E /* QuestionCollectionView.swift */ = {isa = PBXFileReference; fileEncoding = 4; lastKnownFileType = sourcecode.swift; path = QuestionCollectionView.swift; sourceTree = "<group>"; };
		510D3AB51B6B657F00D1A07F /* CalculatorBrain.swift */ = {isa = PBXFileReference; fileEncoding = 4; lastKnownFileType = sourcecode.swift; path = CalculatorBrain.swift; sourceTree = "<group>"; };
		510D3AB81B6B657F00D1A07F /* Evaluator.swift */ = {isa = PBXFileReference; fileEncoding = 4; lastKnownFileType = sourcecode.swift; path = Evaluator.swift; sourceTree = "<group>"; };
		510D3AB91B6B657F00D1A07F /* Glossary.swift */ = {isa = PBXFileReference; fileEncoding = 4; lastKnownFileType = sourcecode.swift; path = Glossary.swift; sourceTree = "<group>"; };
		510D3AC11B6B659E00D1A07F /* KeypadViewController.swift */ = {isa = PBXFileReference; fileEncoding = 4; lastKnownFileType = sourcecode.swift; path = KeypadViewController.swift; sourceTree = "<group>"; };
		510F157F1DEBD6E400116A4D /* ThemeCoordinator.swift */ = {isa = PBXFileReference; fileEncoding = 4; lastKnownFileType = sourcecode.swift; path = ThemeCoordinator.swift; sourceTree = "<group>"; };
		5119A9DF1E6D08B500F16CE1 /* SettingsCell.swift */ = {isa = PBXFileReference; fileEncoding = 4; lastKnownFileType = sourcecode.swift; path = SettingsCell.swift; sourceTree = "<group>"; };
		5119A9E11E6D24C900F16CE1 /* RoundedCorner_Left@2x.png */ = {isa = PBXFileReference; lastKnownFileType = image.png; path = "RoundedCorner_Left@2x.png"; sourceTree = "<group>"; };
		5119A9E31E6D267D00F16CE1 /* RoundedCorner_Right@2x.png */ = {isa = PBXFileReference; lastKnownFileType = image.png; path = "RoundedCorner_Right@2x.png"; sourceTree = "<group>"; };
		511D2A931E3480EE00957ADB /* ThemeFormatter.swift */ = {isa = PBXFileReference; fileEncoding = 4; lastKnownFileType = sourcecode.swift; path = ThemeFormatter.swift; sourceTree = "<group>"; };
		511D2A961E3485CB00957ADB /* Theme.swift */ = {isa = PBXFileReference; fileEncoding = 4; lastKnownFileType = sourcecode.swift; path = Theme.swift; sourceTree = "<group>"; };
		511EA1FD1EA8D6D700E843C0 /* Numerical2b_120@2x.png */ = {isa = PBXFileReference; lastKnownFileType = image.png; path = "Numerical2b_120@2x.png"; sourceTree = SOURCE_ROOT; };
		511EA1FF1EA8D6F500E843C0 /* Numerical2b_120@2x.png */ = {isa = PBXFileReference; lastKnownFileType = image.png; path = "Numerical2b_120@2x.png"; sourceTree = "<group>"; };
		512137B91D967A730042EFC1 /* AboutViewController.swift */ = {isa = PBXFileReference; fileEncoding = 4; lastKnownFileType = sourcecode.swift; path = AboutViewController.swift; sourceTree = "<group>"; };
		512137BC1D969C760042EFC1 /* NumericalHelper.swift */ = {isa = PBXFileReference; fileEncoding = 4; lastKnownFileType = sourcecode.swift; path = NumericalHelper.swift; sourceTree = "<group>"; };
		512137BE1D969F280042EFC1 /* NumericalViewController.swift */ = {isa = PBXFileReference; fileEncoding = 4; lastKnownFileType = sourcecode.swift; path = NumericalViewController.swift; sourceTree = "<group>"; };
		512137C01D96A76F0042EFC1 /* PremiumCoordinator.swift */ = {isa = PBXFileReference; fileEncoding = 4; lastKnownFileType = sourcecode.swift; path = PremiumCoordinator.swift; sourceTree = "<group>"; };
		512138231D96F6770042EFC1 /* CoreData.xcdatamodel */ = {isa = PBXFileReference; lastKnownFileType = wrapper.xcdatamodel; path = CoreData.xcdatamodel; sourceTree = "<group>"; };
		512138251D96F7590042EFC1 /* Equation+CoreDataClass.swift */ = {isa = PBXFileReference; fileEncoding = 4; lastKnownFileType = sourcecode.swift; path = "Equation+CoreDataClass.swift"; sourceTree = "<group>"; };
		512138261D96F7590042EFC1 /* Equation+CoreDataProperties.swift */ = {isa = PBXFileReference; fileEncoding = 4; lastKnownFileType = sourcecode.swift; path = "Equation+CoreDataProperties.swift"; sourceTree = "<group>"; };
		5131970C1B6ADD5900E9B802 /* Numerical2.app */ = {isa = PBXFileReference; explicitFileType = wrapper.application; includeInIndex = 0; path = Numerical2.app; sourceTree = BUILT_PRODUCTS_DIR; };
		5131970F1B6ADD5900E9B802 /* AppDelegate.swift */ = {isa = PBXFileReference; lastKnownFileType = sourcecode.swift; path = AppDelegate.swift; sourceTree = "<group>"; };
		513197111B6ADD5900E9B802 /* ViewController.swift */ = {isa = PBXFileReference; lastKnownFileType = sourcecode.swift; path = ViewController.swift; sourceTree = "<group>"; };
		513197141B6ADD5900E9B802 /* Base */ = {isa = PBXFileReference; lastKnownFileType = file.storyboard; name = Base; path = Base.lproj/Main.storyboard; sourceTree = "<group>"; };
		513197161B6ADD5900E9B802 /* Assets.xcassets */ = {isa = PBXFileReference; lastKnownFileType = folder.assetcatalog; path = Assets.xcassets; sourceTree = "<group>"; };
		513197191B6ADD5900E9B802 /* Base */ = {isa = PBXFileReference; lastKnownFileType = file.storyboard; name = Base; path = Base.lproj/LaunchScreen.storyboard; sourceTree = "<group>"; };
		5131971B1B6ADD5900E9B802 /* Info.plist */ = {isa = PBXFileReference; lastKnownFileType = text.plist.xml; path = Info.plist; sourceTree = "<group>"; };
		513197201B6ADD5900E9B802 /* Numerical2Tests.xctest */ = {isa = PBXFileReference; explicitFileType = wrapper.cfbundle; includeInIndex = 0; path = Numerical2Tests.xctest; sourceTree = BUILT_PRODUCTS_DIR; };
		513197241B6ADD5900E9B802 /* Numerical2Tests.swift */ = {isa = PBXFileReference; lastKnownFileType = sourcecode.swift; path = Numerical2Tests.swift; sourceTree = "<group>"; };
		513197261B6ADD5900E9B802 /* Info.plist */ = {isa = PBXFileReference; lastKnownFileType = text.plist.xml; path = Info.plist; sourceTree = "<group>"; };
		5131972B1B6ADD5900E9B802 /* Numerical2UITests.xctest */ = {isa = PBXFileReference; explicitFileType = wrapper.cfbundle; includeInIndex = 0; path = Numerical2UITests.xctest; sourceTree = BUILT_PRODUCTS_DIR; };
		5131972F1B6ADD5900E9B802 /* Numerical2UITests.swift */ = {isa = PBXFileReference; lastKnownFileType = sourcecode.swift; path = Numerical2UITests.swift; sourceTree = "<group>"; };
		513197311B6ADD5900E9B802 /* Info.plist */ = {isa = PBXFileReference; lastKnownFileType = text.plist.xml; path = Info.plist; sourceTree = "<group>"; };
		513A9E041EA284690017D9A5 /* SimpleLogger.swift */ = {isa = PBXFileReference; fileEncoding = 4; lastKnownFileType = sourcecode.swift; path = SimpleLogger.swift; sourceTree = "<group>"; };
		513C77121EAE4A950037121B /* SwipePageViewController.swift */ = {isa = PBXFileReference; fileEncoding = 4; lastKnownFileType = sourcecode.swift; path = SwipePageViewController.swift; sourceTree = "<group>"; };
		5142AE361DA420EE0076D117 /* 5_Star-(alt).png */ = {isa = PBXFileReference; lastKnownFileType = image.png; path = "5_Star-(alt).png"; sourceTree = "<group>"; };
		5142AE371DA420EE0076D117 /* 5_Star.png */ = {isa = PBXFileReference; lastKnownFileType = image.png; path = 5_Star.png; sourceTree = "<group>"; };
		5142AE381DA420EE0076D117 /* 54_Lock-(alt).png */ = {isa = PBXFileReference; lastKnownFileType = image.png; path = "54_Lock-(alt).png"; sourceTree = "<group>"; };
		5142AE391DA420EE0076D117 /* 54_Lock.png */ = {isa = PBXFileReference; lastKnownFileType = image.png; path = 54_Lock.png; sourceTree = "<group>"; };
		5142AE3A1DA420EE0076D117 /* 55_Lock-Open-(alt).png */ = {isa = PBXFileReference; lastKnownFileType = image.png; path = "55_Lock-Open-(alt).png"; sourceTree = "<group>"; };
		5142AE3B1DA420EE0076D117 /* 55_Lock-Open.png */ = {isa = PBXFileReference; lastKnownFileType = image.png; path = "55_Lock-Open.png"; sourceTree = "<group>"; };
		515AF2171DC9549300170642 /* GoogleService-Info.plist */ = {isa = PBXFileReference; fileEncoding = 4; lastKnownFileType = text.plist.xml; path = "GoogleService-Info.plist"; sourceTree = "<group>"; };
		515DABE21DB23BE60028F2C7 /* NumericalTextField.swift */ = {isa = PBXFileReference; fileEncoding = 4; lastKnownFileType = sourcecode.swift; path = NumericalTextField.swift; sourceTree = "<group>"; };
		515EB8FA1DA6A0150081D9FB /* SalesViewController.swift */ = {isa = PBXFileReference; fileEncoding = 4; lastKnownFileType = sourcecode.swift; path = SalesViewController.swift; sourceTree = "<group>"; };
		516C481D1DFE74F1006E68CD /* ThemeCreatorViewController.swift */ = {isa = PBXFileReference; fileEncoding = 4; lastKnownFileType = sourcecode.swift; path = ThemeCreatorViewController.swift; sourceTree = "<group>"; };
		517470CB1D95C7B000E70A74 /* EquationStore.swift */ = {isa = PBXFileReference; fileEncoding = 4; lastKnownFileType = sourcecode.swift; path = EquationStore.swift; sourceTree = "<group>"; };
		517470CD1D95D35100E70A74 /* DataKeyStore.swift */ = {isa = PBXFileReference; fileEncoding = 4; lastKnownFileType = sourcecode.swift; path = DataKeyStore.swift; sourceTree = "<group>"; };
		518A8BA51D96FAC0001D8B12 /* HistoryViewController.swift */ = {isa = PBXFileReference; fileEncoding = 4; lastKnownFileType = sourcecode.swift; path = HistoryViewController.swift; sourceTree = "<group>"; };
		518A8BA81D9703E0001D8B12 /* CloudKit.framework */ = {isa = PBXFileReference; lastKnownFileType = wrapper.framework; name = CloudKit.framework; path = System/Library/Frameworks/CloudKit.framework; sourceTree = SDKROOT; };
		519B1B121BA0532A00C06E70 /* HistoryCell.swift */ = {isa = PBXFileReference; fileEncoding = 4; lastKnownFileType = sourcecode.swift; path = HistoryCell.swift; sourceTree = "<group>"; };
		519BA0941DD1192400786519 /* PremiumBug_1.png */ = {isa = PBXFileReference; lastKnownFileType = image.png; path = PremiumBug_1.png; sourceTree = "<group>"; };
		519BA0961DD11A0200786519 /* PremiumBug_2.png */ = {isa = PBXFileReference; lastKnownFileType = image.png; path = PremiumBug_2.png; sourceTree = "<group>"; };
		519BA0981DD11AC900786519 /* PremiumBug_3.png */ = {isa = PBXFileReference; lastKnownFileType = image.png; path = PremiumBug_3.png; sourceTree = "<group>"; };
		51AA3AD21EACB9B4005C0BD6 /* 18_Trash@2x.png */ = {isa = PBXFileReference; lastKnownFileType = image.png; path = "18_Trash@2x.png"; sourceTree = "<group>"; };
		51B2A29E1D95C304002A9AD8 /* Pad.swift */ = {isa = PBXFileReference; fileEncoding = 4; lastKnownFileType = sourcecode.swift; path = Pad.swift; sourceTree = "<group>"; };
		51BE489F1E13990B002A2B92 /* Keyboard.appex */ = {isa = PBXFileReference; explicitFileType = "wrapper.app-extension"; includeInIndex = 0; path = Keyboard.appex; sourceTree = BUILT_PRODUCTS_DIR; };
		51BE48A31E13990C002A2B92 /* Info.plist */ = {isa = PBXFileReference; lastKnownFileType = text.plist.xml; path = Info.plist; sourceTree = "<group>"; };
		51BE48B01E139AE3002A2B92 /* NumericalViewHelper.swift */ = {isa = PBXFileReference; fileEncoding = 4; lastKnownFileType = sourcecode.swift; path = NumericalViewHelper.swift; sourceTree = "<group>"; };
		51BE48B41E139BDF002A2B92 /* KeyboardViewController.swift */ = {isa = PBXFileReference; fileEncoding = 4; lastKnownFileType = sourcecode.swift; path = KeyboardViewController.swift; sourceTree = "<group>"; };
		51BE48B51E139BDF002A2B92 /* KeyboardView.xib */ = {isa = PBXFileReference; fileEncoding = 4; lastKnownFileType = file.xib; path = KeyboardView.xib; sourceTree = "<group>"; };
		51BE48B91E13AA38002A2B92 /* UIColor+Numerical.swift */ = {isa = PBXFileReference; fileEncoding = 4; lastKnownFileType = sourcecode.swift; path = "UIColor+Numerical.swift"; sourceTree = "<group>"; };
		51BE48BF1E147006002A2B92 /* Keyboard.entitlements */ = {isa = PBXFileReference; lastKnownFileType = text.plist.entitlements; path = Keyboard.entitlements; sourceTree = "<group>"; };
		51C1F15C1E2C3EA400A413A7 /* TutorialViewController.swift */ = {isa = PBXFileReference; fileEncoding = 4; lastKnownFileType = sourcecode.swift; path = TutorialViewController.swift; sourceTree = "<group>"; };
		51C40E7F1DCC135C00930BFD /* professional-reverse.aiff */ = {isa = PBXFileReference; lastKnownFileType = audio.aiff; name = "professional-reverse.aiff"; path = "Sounds/professional-reverse.aiff"; sourceTree = "<group>"; };
		51C40E801DCC135C00930BFD /* professional.aiff */ = {isa = PBXFileReference; lastKnownFileType = audio.aiff; name = professional.aiff; path = Sounds/professional.aiff; sourceTree = "<group>"; };
		51C40E811DCC135C00930BFD /* rock.aiff */ = {isa = PBXFileReference; lastKnownFileType = audio.aiff; name = rock.aiff; path = Sounds/rock.aiff; sourceTree = "<group>"; };
		51C40E821DCC135C00930BFD /* simple.aiff */ = {isa = PBXFileReference; lastKnownFileType = audio.aiff; name = simple.aiff; path = Sounds/simple.aiff; sourceTree = "<group>"; };
		51C40E831DCC135C00930BFD /* slide-paper.aiff */ = {isa = PBXFileReference; lastKnownFileType = audio.aiff; name = "slide-paper.aiff"; path = "Sounds/slide-paper.aiff"; sourceTree = "<group>"; };
		51C40E8A1DCC167200930BFD /* SoundManager.swift */ = {isa = PBXFileReference; fileEncoding = 4; lastKnownFileType = sourcecode.swift; path = SoundManager.swift; sourceTree = "<group>"; };
		51C40ECB1DCC492200930BFD /* CustomAnimationController.swift */ = {isa = PBXFileReference; fileEncoding = 4; lastKnownFileType = sourcecode.swift; path = CustomAnimationController.swift; sourceTree = "<group>"; };
		51C40ECC1DCC492200930BFD /* CustomDismissAnimationController.swift */ = {isa = PBXFileReference; fileEncoding = 4; lastKnownFileType = sourcecode.swift; path = CustomDismissAnimationController.swift; sourceTree = "<group>"; };
		51D116751E8278700059C342 /* Theme_Phone_Keypad.png */ = {isa = PBXFileReference; lastKnownFileType = image.png; path = Theme_Phone_Keypad.png; sourceTree = "<group>"; };
		51D116761E8278700059C342 /* Theme_Phone_StatusBar.png */ = {isa = PBXFileReference; lastKnownFileType = image.png; path = Theme_Phone_StatusBar.png; sourceTree = "<group>"; };
		51D116791E827A730059C342 /* Theme_Pad_Keypad.png */ = {isa = PBXFileReference; lastKnownFileType = image.png; path = Theme_Pad_Keypad.png; sourceTree = "<group>"; };
		51D1167A1E827A730059C342 /* Theme_Pad_StatusBar.png */ = {isa = PBXFileReference; lastKnownFileType = image.png; path = Theme_Pad_StatusBar.png; sourceTree = "<group>"; };
		51D28B0B1B6C4B7C009A0AEC /* EquationViewController.swift */ = {isa = PBXFileReference; fileEncoding = 4; lastKnownFileType = sourcecode.swift; path = EquationViewController.swift; sourceTree = "<group>"; };
		51D28B0D1B6D0D2D009A0AEC /* QuestionCollectionViewController.swift */ = {isa = PBXFileReference; fileEncoding = 4; lastKnownFileType = sourcecode.swift; path = QuestionCollectionViewController.swift; sourceTree = "<group>"; };
		51D28B0F1B6D0FE1009A0AEC /* EquationViewCell.xib */ = {isa = PBXFileReference; fileEncoding = 4; lastKnownFileType = file.xib; path = EquationViewCell.xib; sourceTree = "<group>"; };
		51D28B111B6D100A009A0AEC /* EquationViewCell.swift */ = {isa = PBXFileReference; fileEncoding = 4; lastKnownFileType = sourcecode.swift; path = EquationViewCell.swift; sourceTree = "<group>"; };
		51D28B4D1B6D1BA9009A0AEC /* FractionViewCell.xib */ = {isa = PBXFileReference; fileEncoding = 4; lastKnownFileType = file.xib; path = FractionViewCell.xib; sourceTree = "<group>"; };
		51D28B4F1B6D1C0F009A0AEC /* FractionViewCell.swift */ = {isa = PBXFileReference; fileEncoding = 4; lastKnownFileType = sourcecode.swift; path = FractionViewCell.swift; sourceTree = "<group>"; };
		51D3AB2E1BC89AD40019B601 /* KeypadPageViewController.swift */ = {isa = PBXFileReference; fileEncoding = 4; lastKnownFileType = sourcecode.swift; path = KeypadPageViewController.swift; sourceTree = "<group>"; };
		51D7A8411BBA7F2D0064AA4B /* StyleFormatter.swift */ = {isa = PBXFileReference; fileEncoding = 4; lastKnownFileType = sourcecode.swift; path = StyleFormatter.swift; sourceTree = "<group>"; };
		51D941A31E6CFBB300844568 /* SwitchCell.swift */ = {isa = PBXFileReference; fileEncoding = 4; lastKnownFileType = sourcecode.swift; path = SwitchCell.swift; sourceTree = "<group>"; };
		51E032851E76C6F20000A2A5 /* AppIcon120x120@2x.png */ = {isa = PBXFileReference; lastKnownFileType = image.png; path = "AppIcon120x120@2x.png"; sourceTree = "<group>"; };
		51E032871E76E6610000A2A5 /* WorkPanelShadow@2x.png */ = {isa = PBXFileReference; lastKnownFileType = image.png; path = "WorkPanelShadow@2x.png"; sourceTree = "<group>"; };
		51E84D301B8B5C3B00C3E28E /* CalcButton.swift */ = {isa = PBXFileReference; fileEncoding = 4; lastKnownFileType = sourcecode.swift; path = CalcButton.swift; sourceTree = "<group>"; };
		51EE5B9E1BC51FDF001C9D38 /* Numerical2.entitlements */ = {isa = PBXFileReference; lastKnownFileType = text.xml; path = Numerical2.entitlements; sourceTree = "<group>"; };
		51EE5B9F1BC5203A001C9D38 /* StoreKit.framework */ = {isa = PBXFileReference; lastKnownFileType = wrapper.framework; name = StoreKit.framework; path = System/Library/Frameworks/StoreKit.framework; sourceTree = SDKROOT; };
		51F24F7F1DEFF8550023D15E /* ThemeViewController.swift */ = {isa = PBXFileReference; fileEncoding = 4; lastKnownFileType = sourcecode.swift; path = ThemeViewController.swift; sourceTree = "<group>"; };
		51F2F44E1B6C421B00B845CA /* WorkPanelViewController.swift */ = {isa = PBXFileReference; fileEncoding = 4; lastKnownFileType = sourcecode.swift; path = WorkPanelViewController.swift; sourceTree = "<group>"; };
		5623BDF41BD40FDB0046B84D /* Constants.swift */ = {isa = PBXFileReference; fileEncoding = 4; lastKnownFileType = sourcecode.swift; path = Constants.swift; sourceTree = "<group>"; };
		5685FE8B1BCACA2A0019BC04 /* AVFoundation.framework */ = {isa = PBXFileReference; lastKnownFileType = wrapper.framework; name = AVFoundation.framework; path = System/Library/Frameworks/AVFoundation.framework; sourceTree = SDKROOT; };
		5685FE8D1BCACA300019BC04 /* AudioToolbox.framework */ = {isa = PBXFileReference; lastKnownFileType = wrapper.framework; name = AudioToolbox.framework; path = System/Library/Frameworks/AudioToolbox.framework; sourceTree = SDKROOT; };
		5685FE991BCACBB30019BC04 /* Numerical2-Bridging-Header.h */ = {isa = PBXFileReference; lastKnownFileType = sourcecode.c.h; name = "Numerical2-Bridging-Header.h"; path = "Framework/Numerical2-Bridging-Header.h"; sourceTree = "<group>"; };
		5A3F107D8FF5009611D301AD /* Pods_Numerical2.framework */ = {isa = PBXFileReference; explicitFileType = wrapper.framework; includeInIndex = 0; path = Pods_Numerical2.framework; sourceTree = BUILT_PRODUCTS_DIR; };
		6F74213251A4369F2E2DF58E /* Pods-Numerical2UITests.debug.xcconfig */ = {isa = PBXFileReference; includeInIndex = 1; lastKnownFileType = text.xcconfig; name = "Pods-Numerical2UITests.debug.xcconfig"; path = "Pods/Target Support Files/Pods-Numerical2UITests/Pods-Numerical2UITests.debug.xcconfig"; sourceTree = "<group>"; };
		887EC6CEF501CADB94EDDAB7 /* Pods_Numerical2Tests.framework */ = {isa = PBXFileReference; explicitFileType = wrapper.framework; includeInIndex = 0; path = Pods_Numerical2Tests.framework; sourceTree = BUILT_PRODUCTS_DIR; };
		A0968981D885DCD0E6A3BABD /* Pods-Numerical2Tests.debug.xcconfig */ = {isa = PBXFileReference; includeInIndex = 1; lastKnownFileType = text.xcconfig; name = "Pods-Numerical2Tests.debug.xcconfig"; path = "Pods/Target Support Files/Pods-Numerical2Tests/Pods-Numerical2Tests.debug.xcconfig"; sourceTree = "<group>"; };
		AAB9070A709EE92546248226 /* Pods-Numerical2Tests.release.xcconfig */ = {isa = PBXFileReference; includeInIndex = 1; lastKnownFileType = text.xcconfig; name = "Pods-Numerical2Tests.release.xcconfig"; path = "Pods/Target Support Files/Pods-Numerical2Tests/Pods-Numerical2Tests.release.xcconfig"; sourceTree = "<group>"; };
		B5A1B41697B8799FB539939F /* Pods-Numerical2UITests.release.xcconfig */ = {isa = PBXFileReference; includeInIndex = 1; lastKnownFileType = text.xcconfig; name = "Pods-Numerical2UITests.release.xcconfig"; path = "Pods/Target Support Files/Pods-Numerical2UITests/Pods-Numerical2UITests.release.xcconfig"; sourceTree = "<group>"; };
		DE44702C7F1AB0DB7AD50950 /* Pods-Numerical2.debug.xcconfig */ = {isa = PBXFileReference; includeInIndex = 1; lastKnownFileType = text.xcconfig; name = "Pods-Numerical2.debug.xcconfig"; path = "Pods/Target Support Files/Pods-Numerical2/Pods-Numerical2.debug.xcconfig"; sourceTree = "<group>"; };
		F3CED7E09580B4D03F9B89C2 /* Pods_Numerical2UITests.framework */ = {isa = PBXFileReference; explicitFileType = wrapper.framework; includeInIndex = 0; path = Pods_Numerical2UITests.framework; sourceTree = BUILT_PRODUCTS_DIR; };
/* End PBXFileReference section */

/* Begin PBXFrameworksBuildPhase section */
		513197091B6ADD5900E9B802 /* Frameworks */ = {
			isa = PBXFrameworksBuildPhase;
			buildActionMask = 2147483647;
			files = (
				5685FE8E1BCACA300019BC04 /* AudioToolbox.framework in Frameworks */,
				5685FE8C1BCACA2A0019BC04 /* AVFoundation.framework in Frameworks */,
				518A8BA91D9703E0001D8B12 /* CloudKit.framework in Frameworks */,
				51EE5BA01BC5203A001C9D38 /* StoreKit.framework in Frameworks */,
				CB3A46A232581C00E24A95C3 /* Pods_Numerical2.framework in Frameworks */,
			);
			runOnlyForDeploymentPostprocessing = 0;
		};
		5131971D1B6ADD5900E9B802 /* Frameworks */ = {
			isa = PBXFrameworksBuildPhase;
			buildActionMask = 2147483647;
			files = (
				543E31F64E3A5AA850C8E8E1 /* Pods_Numerical2Tests.framework in Frameworks */,
			);
			runOnlyForDeploymentPostprocessing = 0;
		};
		513197281B6ADD5900E9B802 /* Frameworks */ = {
			isa = PBXFrameworksBuildPhase;
			buildActionMask = 2147483647;
			files = (
				76671D5D4DDA9120F92E4AB7 /* Pods_Numerical2UITests.framework in Frameworks */,
			);
			runOnlyForDeploymentPostprocessing = 0;
		};
		51BE489C1E13990B002A2B92 /* Frameworks */ = {
			isa = PBXFrameworksBuildPhase;
			buildActionMask = 2147483647;
			files = (
			);
			runOnlyForDeploymentPostprocessing = 0;
		};
/* End PBXFrameworksBuildPhase section */

/* Begin PBXGroup section */
		513197031B6ADD5900E9B802 = {
			isa = PBXGroup;
			children = (
				5685FE8D1BCACA300019BC04 /* AudioToolbox.framework */,
				5685FE8B1BCACA2A0019BC04 /* AVFoundation.framework */,
				51EE5B9F1BC5203A001C9D38 /* StoreKit.framework */,
				5131970E1B6ADD5900E9B802 /* Numerical2 */,
				513197231B6ADD5900E9B802 /* Numerical2Tests */,
				5131972E1B6ADD5900E9B802 /* Numerical2UITests */,
				51BE48A01E13990C002A2B92 /* Keyboard */,
				5131970D1B6ADD5900E9B802 /* Products */,
				518A8BA71D9703E0001D8B12 /* Frameworks */,
				7F63CC758F8F02505C805196 /* Pods */,
			);
			sourceTree = "<group>";
		};
		5131970D1B6ADD5900E9B802 /* Products */ = {
			isa = PBXGroup;
			children = (
				5131970C1B6ADD5900E9B802 /* Numerical2.app */,
				513197201B6ADD5900E9B802 /* Numerical2Tests.xctest */,
				5131972B1B6ADD5900E9B802 /* Numerical2UITests.xctest */,
				51BE489F1E13990B002A2B92 /* Keyboard.appex */,
			);
			name = Products;
			sourceTree = "<group>";
		};
		5131970E1B6ADD5900E9B802 /* Numerical2 */ = {
			isa = PBXGroup;
			children = (
				5131970F1B6ADD5900E9B802 /* AppDelegate.swift */,
				511EA1FD1EA8D6D700E843C0 /* Numerical2b_120@2x.png */,
				513A9E041EA284690017D9A5 /* SimpleLogger.swift */,
				517470CB1D95C7B000E70A74 /* EquationStore.swift */,
				51E032871E76E6610000A2A5 /* WorkPanelShadow@2x.png */,
				51E032851E76C6F20000A2A5 /* AppIcon120x120@2x.png */,
				512138251D96F7590042EFC1 /* Equation+CoreDataClass.swift */,
				512138261D96F7590042EFC1 /* Equation+CoreDataProperties.swift */,
				511EA1FF1EA8D6F500E843C0 /* Numerical2b_120@2x.png */,
				51BE48B91E13AA38002A2B92 /* UIColor+Numerical.swift */,
				512137BC1D969C760042EFC1 /* NumericalHelper.swift */,
				51BE48B01E139AE3002A2B92 /* NumericalViewHelper.swift */,
				517470CD1D95D35100E70A74 /* DataKeyStore.swift */,
				512138231D96F6770042EFC1 /* CoreData.xcdatamodel */,
				51B2A29E1D95C304002A9AD8 /* Pad.swift */,
				51C40ECB1DCC492200930BFD /* CustomAnimationController.swift */,
				51C40ECC1DCC492200930BFD /* CustomDismissAnimationController.swift */,
				5685FE991BCACBB30019BC04 /* Numerical2-Bridging-Header.h */,
				515AF2171DC9549300170642 /* GoogleService-Info.plist */,
				51C40E8A1DCC167200930BFD /* SoundManager.swift */,
				516C481C1DFE74E0006E68CD /* Themes */,
				5142AE351DA420D70076D117 /* Premium */,
				51EE5B9E1BC51FDF001C9D38 /* Numerical2.entitlements */,
				51C40E891DCC136400930BFD /* Sounds */,
				512137B91D967A730042EFC1 /* AboutViewController.swift */,
				515DABE21DB23BE60028F2C7 /* NumericalTextField.swift */,
				51D941A31E6CFBB300844568 /* SwitchCell.swift */,
				5119A9DF1E6D08B500F16CE1 /* SettingsCell.swift */,
				51C1F15C1E2C3EA400A413A7 /* TutorialViewController.swift */,
				51AA3AD21EACB9B4005C0BD6 /* 18_Trash@2x.png */,
				51D116791E827A730059C342 /* Theme_Pad_Keypad.png */,
				51D1167A1E827A730059C342 /* Theme_Pad_StatusBar.png */,
				51D116751E8278700059C342 /* Theme_Phone_Keypad.png */,
				51D116761E8278700059C342 /* Theme_Phone_StatusBar.png */,
				5119A9E11E6D24C900F16CE1 /* RoundedCorner_Left@2x.png */,
				5119A9E31E6D267D00F16CE1 /* RoundedCorner_Right@2x.png */,
				513197131B6ADD5900E9B802 /* Main.storyboard */,
				513C77121EAE4A950037121B /* SwipePageViewController.swift */,
				51D7A8371BBA7D320064AA4B /* View Hierarchy */,
				51D7A8361BBA7D060064AA4B /* Evaluator */,
				513197161B6ADD5900E9B802 /* Assets.xcassets */,
				513197181B6ADD5900E9B802 /* LaunchScreen.storyboard */,
				5131971B1B6ADD5900E9B802 /* Info.plist */,
				5623BDF41BD40FDB0046B84D /* Constants.swift */,
			);
			path = Numerical2;
			sourceTree = "<group>";
		};
		513197231B6ADD5900E9B802 /* Numerical2Tests */ = {
			isa = PBXGroup;
			children = (
				513197241B6ADD5900E9B802 /* Numerical2Tests.swift */,
				513197261B6ADD5900E9B802 /* Info.plist */,
			);
			path = Numerical2Tests;
			sourceTree = "<group>";
		};
		5131972E1B6ADD5900E9B802 /* Numerical2UITests */ = {
			isa = PBXGroup;
			children = (
				5131972F1B6ADD5900E9B802 /* Numerical2UITests.swift */,
				513197311B6ADD5900E9B802 /* Info.plist */,
			);
			path = Numerical2UITests;
			sourceTree = "<group>";
		};
		5142AE351DA420D70076D117 /* Premium */ = {
			isa = PBXGroup;
			children = (
				512137C01D96A76F0042EFC1 /* PremiumCoordinator.swift */,
				5142AE361DA420EE0076D117 /* 5_Star-(alt).png */,
				5142AE371DA420EE0076D117 /* 5_Star.png */,
				519BA0941DD1192400786519 /* PremiumBug_1.png */,
				519BA0961DD11A0200786519 /* PremiumBug_2.png */,
				519BA0981DD11AC900786519 /* PremiumBug_3.png */,
				5142AE381DA420EE0076D117 /* 54_Lock-(alt).png */,
				5142AE391DA420EE0076D117 /* 54_Lock.png */,
				5142AE3A1DA420EE0076D117 /* 55_Lock-Open-(alt).png */,
				5142AE3B1DA420EE0076D117 /* 55_Lock-Open.png */,
			);
			name = Premium;
			sourceTree = "<group>";
		};
		515EB8F91DA69FDC0081D9FB /* Sales View */ = {
			isa = PBXGroup;
			children = (
				515EB8FA1DA6A0150081D9FB /* SalesViewController.swift */,
			);
			name = "Sales View";
			path = Themes;
			sourceTree = "<group>";
		};
		516C481C1DFE74E0006E68CD /* Themes */ = {
			isa = PBXGroup;
			children = (
				51F24F7F1DEFF8550023D15E /* ThemeViewController.swift */,
				516C481D1DFE74F1006E68CD /* ThemeCreatorViewController.swift */,
				510F157F1DEBD6E400116A4D /* ThemeCoordinator.swift */,
				511D2A931E3480EE00957ADB /* ThemeFormatter.swift */,
				511D2A961E3485CB00957ADB /* Theme.swift */,
			);
			name = Themes;
			sourceTree = "<group>";
		};
		518A8BA71D9703E0001D8B12 /* Frameworks */ = {
			isa = PBXGroup;
			children = (
				518A8BA81D9703E0001D8B12 /* CloudKit.framework */,
				5A3F107D8FF5009611D301AD /* Pods_Numerical2.framework */,
				887EC6CEF501CADB94EDDAB7 /* Pods_Numerical2Tests.framework */,
				F3CED7E09580B4D03F9B89C2 /* Pods_Numerical2UITests.framework */,
			);
			name = Frameworks;
			sourceTree = "<group>";
		};
		51BE48A01E13990C002A2B92 /* Keyboard */ = {
			isa = PBXGroup;
			children = (
				51BE48BF1E147006002A2B92 /* Keyboard.entitlements */,
				51BE48B41E139BDF002A2B92 /* KeyboardViewController.swift */,
				51BE48B51E139BDF002A2B92 /* KeyboardView.xib */,
				51BE48A31E13990C002A2B92 /* Info.plist */,
			);
			path = Keyboard;
			sourceTree = "<group>";
		};
		51C40E891DCC136400930BFD /* Sounds */ = {
			isa = PBXGroup;
			children = (
				51C40E7F1DCC135C00930BFD /* professional-reverse.aiff */,
				51C40E801DCC135C00930BFD /* professional.aiff */,
				51C40E811DCC135C00930BFD /* rock.aiff */,
				51C40E821DCC135C00930BFD /* simple.aiff */,
				51C40E831DCC135C00930BFD /* slide-paper.aiff */,
			);
			name = Sounds;
			sourceTree = "<group>";
		};
		51D7A8361BBA7D060064AA4B /* Evaluator */ = {
			isa = PBXGroup;
			children = (
				510D3AB51B6B657F00D1A07F /* CalculatorBrain.swift */,
				510D3AB91B6B657F00D1A07F /* Glossary.swift */,
				510D3AB81B6B657F00D1A07F /* Evaluator.swift */,
			);
			name = Evaluator;
			sourceTree = "<group>";
		};
		51D7A8371BBA7D320064AA4B /* View Hierarchy */ = {
			isa = PBXGroup;
			children = (
				513197111B6ADD5900E9B802 /* ViewController.swift */,
				512137BE1D969F280042EFC1 /* NumericalViewController.swift */,
				51F2F44E1B6C421B00B845CA /* WorkPanelViewController.swift */,
				515EB8F91DA69FDC0081D9FB /* Sales View */,
				51D7A8391BBA7D4A0064AA4B /* Work Panel View Controller */,
				51D7A8381BBA7D3D0064AA4B /* History View Controller */,
			);
			name = "View Hierarchy";
			sourceTree = "<group>";
		};
		51D7A8381BBA7D3D0064AA4B /* History View Controller */ = {
			isa = PBXGroup;
			children = (
				518A8BA51D96FAC0001D8B12 /* HistoryViewController.swift */,
				519B1B121BA0532A00C06E70 /* HistoryCell.swift */,
			);
			name = "History View Controller";
			sourceTree = "<group>";
		};
		51D7A8391BBA7D4A0064AA4B /* Work Panel View Controller */ = {
			isa = PBXGroup;
			children = (
				51D3AB2E1BC89AD40019B601 /* KeypadPageViewController.swift */,
				51D7A83B1BBA7D740064AA4B /* Equation View Controller */,
				51D7A83A1BBA7D670064AA4B /* Key Panel View Controller */,
			);
			name = "Work Panel View Controller";
			sourceTree = "<group>";
		};
		51D7A83A1BBA7D670064AA4B /* Key Panel View Controller */ = {
			isa = PBXGroup;
			children = (
				51D7A83D1BBA7D970064AA4B /* Keypad View Controller */,
			);
			name = "Key Panel View Controller";
			sourceTree = "<group>";
		};
		51D7A83B1BBA7D740064AA4B /* Equation View Controller */ = {
			isa = PBXGroup;
			children = (
				51D28B0B1B6C4B7C009A0AEC /* EquationViewController.swift */,
				51D7A83C1BBA7D840064AA4B /* Question / Answer Collection View Controller */,
			);
			name = "Equation View Controller";
			sourceTree = "<group>";
		};
		51D7A83C1BBA7D840064AA4B /* Question / Answer Collection View Controller */ = {
			isa = PBXGroup;
			children = (
				51D28B0D1B6D0D2D009A0AEC /* QuestionCollectionViewController.swift */,
				510570821EA760B100120B6E /* QuestionCollectionView.swift */,
				51D7A8411BBA7F2D0064AA4B /* StyleFormatter.swift */,
				51D28B4D1B6D1BA9009A0AEC /* FractionViewCell.xib */,
				51D28B4F1B6D1C0F009A0AEC /* FractionViewCell.swift */,
				51D28B0F1B6D0FE1009A0AEC /* EquationViewCell.xib */,
				51D28B111B6D100A009A0AEC /* EquationViewCell.swift */,
			);
			name = "Question / Answer Collection View Controller";
			sourceTree = "<group>";
		};
		51D7A83D1BBA7D970064AA4B /* Keypad View Controller */ = {
			isa = PBXGroup;
			children = (
				510D3AC11B6B659E00D1A07F /* KeypadViewController.swift */,
				51D7A83E1BBA7DAB0064AA4B /* Key Stack View */,
			);
			name = "Keypad View Controller";
			sourceTree = "<group>";
		};
		51D7A83E1BBA7DAB0064AA4B /* Key Stack View */ = {
			isa = PBXGroup;
			children = (
				51E84D301B8B5C3B00C3E28E /* CalcButton.swift */,
			);
			name = "Key Stack View";
			sourceTree = "<group>";
		};
		7F63CC758F8F02505C805196 /* Pods */ = {
			isa = PBXGroup;
			children = (
				DE44702C7F1AB0DB7AD50950 /* Pods-Numerical2.debug.xcconfig */,
				38E3580757802F55FE75C212 /* Pods-Numerical2.release.xcconfig */,
				A0968981D885DCD0E6A3BABD /* Pods-Numerical2Tests.debug.xcconfig */,
				AAB9070A709EE92546248226 /* Pods-Numerical2Tests.release.xcconfig */,
				6F74213251A4369F2E2DF58E /* Pods-Numerical2UITests.debug.xcconfig */,
				B5A1B41697B8799FB539939F /* Pods-Numerical2UITests.release.xcconfig */,
			);
			name = Pods;
			sourceTree = "<group>";
		};
/* End PBXGroup section */

/* Begin PBXNativeTarget section */
		5131970B1B6ADD5900E9B802 /* Numerical2 */ = {
			isa = PBXNativeTarget;
			buildConfigurationList = 513197341B6ADD5900E9B802 /* Build configuration list for PBXNativeTarget "Numerical2" */;
			buildPhases = (
				9173A527AC96546532A11649 /* [CP] Check Pods Manifest.lock */,
				513197081B6ADD5900E9B802 /* Sources */,
				513197091B6ADD5900E9B802 /* Frameworks */,
				5131970A1B6ADD5900E9B802 /* Resources */,
				5627A7601BC68F3F0005495F /* Embed Watch Content */,
				D0D57190BD0E25E31A36268E /* [CP] Embed Pods Frameworks */,
				939AB4276A5E83E11A420786 /* [CP] Copy Pods Resources */,
				51BE48AA1E13990C002A2B92 /* Embed App Extensions */,
				51F4DCEA1E6D7CE60069A8C7 /* ShellScript */,
			);
			buildRules = (
			);
			dependencies = (
				51BE48A51E13990C002A2B92 /* PBXTargetDependency */,
			);
			name = Numerical2;
			productName = Numerical2;
			productReference = 5131970C1B6ADD5900E9B802 /* Numerical2.app */;
			productType = "com.apple.product-type.application";
		};
		5131971F1B6ADD5900E9B802 /* Numerical2Tests */ = {
			isa = PBXNativeTarget;
			buildConfigurationList = 513197371B6ADD5900E9B802 /* Build configuration list for PBXNativeTarget "Numerical2Tests" */;
			buildPhases = (
				5F3CE673BFA0B4EF42F23A7C /* [CP] Check Pods Manifest.lock */,
				5131971C1B6ADD5900E9B802 /* Sources */,
				5131971D1B6ADD5900E9B802 /* Frameworks */,
				5131971E1B6ADD5900E9B802 /* Resources */,
				7C6984E28CAE8B6F32A1678D /* [CP] Embed Pods Frameworks */,
				A606D864549E55BFCE06E454 /* [CP] Copy Pods Resources */,
			);
			buildRules = (
			);
			dependencies = (
				513197221B6ADD5900E9B802 /* PBXTargetDependency */,
			);
			name = Numerical2Tests;
			productName = Numerical2Tests;
			productReference = 513197201B6ADD5900E9B802 /* Numerical2Tests.xctest */;
			productType = "com.apple.product-type.bundle.unit-test";
		};
		5131972A1B6ADD5900E9B802 /* Numerical2UITests */ = {
			isa = PBXNativeTarget;
			buildConfigurationList = 5131973A1B6ADD5900E9B802 /* Build configuration list for PBXNativeTarget "Numerical2UITests" */;
			buildPhases = (
				4938F984E5B3AAFF481F8C35 /* [CP] Check Pods Manifest.lock */,
				513197271B6ADD5900E9B802 /* Sources */,
				513197281B6ADD5900E9B802 /* Frameworks */,
				513197291B6ADD5900E9B802 /* Resources */,
				F85A398783002BF22F9547AA /* [CP] Copy Pods Resources */,
			);
			buildRules = (
			);
			dependencies = (
				5131972D1B6ADD5900E9B802 /* PBXTargetDependency */,
			);
			name = Numerical2UITests;
			productName = Numerical2UITests;
			productReference = 5131972B1B6ADD5900E9B802 /* Numerical2UITests.xctest */;
			productType = "com.apple.product-type.bundle.ui-testing";
		};
		51BE489E1E13990B002A2B92 /* Keyboard */ = {
			isa = PBXNativeTarget;
			buildConfigurationList = 51BE48A91E13990C002A2B92 /* Build configuration list for PBXNativeTarget "Keyboard" */;
			buildPhases = (
				51BE489B1E13990B002A2B92 /* Sources */,
				51BE489C1E13990B002A2B92 /* Frameworks */,
				51BE489D1E13990B002A2B92 /* Resources */,
			);
			buildRules = (
			);
			dependencies = (
			);
			name = Keyboard;
			productName = Keyboard;
			productReference = 51BE489F1E13990B002A2B92 /* Keyboard.appex */;
			productType = "com.apple.product-type.app-extension";
		};
/* End PBXNativeTarget section */

/* Begin PBXProject section */
		513197041B6ADD5900E9B802 /* Project object */ = {
			isa = PBXProject;
			attributes = {
				LastSwiftUpdateCheck = 0820;
				LastUpgradeCheck = 0700;
				ORGANIZATIONNAME = "Very Tiny Machines";
				TargetAttributes = {
					5131970B1B6ADD5900E9B802 = {
						CreatedOnToolsVersion = 7.0;
						DevelopmentTeam = C583RN882K;
						LastSwiftMigration = 0800;
						SystemCapabilities = {
							com.apple.ApplicationGroups.iOS = {
								enabled = 1;
							};
							com.apple.BackgroundModes = {
								enabled = 0;
							};
							com.apple.InAppPurchase = {
								enabled = 1;
							};
							com.apple.Push = {
								enabled = 1;
							};
							com.apple.iCloud = {
								enabled = 1;
							};
						};
					};
					5131971F1B6ADD5900E9B802 = {
						CreatedOnToolsVersion = 7.0;
						LastSwiftMigration = 0800;
						TestTargetID = 5131970B1B6ADD5900E9B802;
					};
					5131972A1B6ADD5900E9B802 = {
						CreatedOnToolsVersion = 7.0;
						LastSwiftMigration = 0800;
						TestTargetID = 5131970B1B6ADD5900E9B802;
					};
					51BE489E1E13990B002A2B92 = {
						CreatedOnToolsVersion = 8.2;
						DevelopmentTeam = C583RN882K;
						ProvisioningStyle = Automatic;
						SystemCapabilities = {
							com.apple.ApplicationGroups.iOS = {
								enabled = 1;
							};
						};
					};
				};
			};
			buildConfigurationList = 513197071B6ADD5900E9B802 /* Build configuration list for PBXProject "Numerical2" */;
			compatibilityVersion = "Xcode 3.2";
			developmentRegion = English;
			hasScannedForEncodings = 0;
			knownRegions = (
				en,
				Base,
			);
			mainGroup = 513197031B6ADD5900E9B802;
			productRefGroup = 5131970D1B6ADD5900E9B802 /* Products */;
			projectDirPath = "";
			projectRoot = "";
			targets = (
				5131970B1B6ADD5900E9B802 /* Numerical2 */,
				5131971F1B6ADD5900E9B802 /* Numerical2Tests */,
				5131972A1B6ADD5900E9B802 /* Numerical2UITests */,
				51BE489E1E13990B002A2B92 /* Keyboard */,
			);
		};
/* End PBXProject section */

/* Begin PBXResourcesBuildPhase section */
		5131970A1B6ADD5900E9B802 /* Resources */ = {
			isa = PBXResourcesBuildPhase;
			buildActionMask = 2147483647;
			files = (
				511EA1FE1EA8D6D700E843C0 /* Numerical2b_120@2x.png in Resources */,
				51C40E851DCC135C00930BFD /* professional.aiff in Resources */,
				51C40E861DCC135C00930BFD /* rock.aiff in Resources */,
				5142AE3C1DA420EE0076D117 /* 5_Star-(alt).png in Resources */,
				51AA3AD31EACB9B4005C0BD6 /* 18_Trash@2x.png in Resources */,
				51D116771E8278700059C342 /* Theme_Phone_Keypad.png in Resources */,
				5142AE3E1DA420EE0076D117 /* 54_Lock-(alt).png in Resources */,
				5119A9E41E6D267D00F16CE1 /* RoundedCorner_Right@2x.png in Resources */,
				5119A9E21E6D24C900F16CE1 /* RoundedCorner_Left@2x.png in Resources */,
				51C40E881DCC135C00930BFD /* slide-paper.aiff in Resources */,
				5131971A1B6ADD5900E9B802 /* LaunchScreen.storyboard in Resources */,
				51E032861E76C6F20000A2A5 /* AppIcon120x120@2x.png in Resources */,
				51D28B101B6D0FE1009A0AEC /* EquationViewCell.xib in Resources */,
				5142AE411DA420EE0076D117 /* 55_Lock-Open.png in Resources */,
				51C40E841DCC135C00930BFD /* professional-reverse.aiff in Resources */,
				513197171B6ADD5900E9B802 /* Assets.xcassets in Resources */,
				51D1167B1E827A730059C342 /* Theme_Pad_Keypad.png in Resources */,
				5142AE401DA420EE0076D117 /* 55_Lock-Open-(alt).png in Resources */,
				5142AE3D1DA420EE0076D117 /* 5_Star.png in Resources */,
				519BA0971DD11A0200786519 /* PremiumBug_2.png in Resources */,
				519BA0991DD11AC900786519 /* PremiumBug_3.png in Resources */,
				51D116781E8278700059C342 /* Theme_Phone_StatusBar.png in Resources */,
				51C40E871DCC135C00930BFD /* simple.aiff in Resources */,
				51E032881E76E6610000A2A5 /* WorkPanelShadow@2x.png in Resources */,
				511EA2001EA8D6F500E843C0 /* Numerical2b_120@2x.png in Resources */,
				51D28B4E1B6D1BA9009A0AEC /* FractionViewCell.xib in Resources */,
				515AF2181DC9549300170642 /* GoogleService-Info.plist in Resources */,
				5142AE3F1DA420EE0076D117 /* 54_Lock.png in Resources */,
				51D1167C1E827A730059C342 /* Theme_Pad_StatusBar.png in Resources */,
				513197151B6ADD5900E9B802 /* Main.storyboard in Resources */,
				519BA0951DD1192400786519 /* PremiumBug_1.png in Resources */,
			);
			runOnlyForDeploymentPostprocessing = 0;
		};
		5131971E1B6ADD5900E9B802 /* Resources */ = {
			isa = PBXResourcesBuildPhase;
			buildActionMask = 2147483647;
			files = (
			);
			runOnlyForDeploymentPostprocessing = 0;
		};
		513197291B6ADD5900E9B802 /* Resources */ = {
			isa = PBXResourcesBuildPhase;
			buildActionMask = 2147483647;
			files = (
			);
			runOnlyForDeploymentPostprocessing = 0;
		};
		51BE489D1E13990B002A2B92 /* Resources */ = {
			isa = PBXResourcesBuildPhase;
			buildActionMask = 2147483647;
			files = (
				51BE48B71E139BDF002A2B92 /* KeyboardView.xib in Resources */,
			);
			runOnlyForDeploymentPostprocessing = 0;
		};
/* End PBXResourcesBuildPhase section */

/* Begin PBXShellScriptBuildPhase section */
		4938F984E5B3AAFF481F8C35 /* [CP] Check Pods Manifest.lock */ = {
			isa = PBXShellScriptBuildPhase;
			buildActionMask = 2147483647;
			files = (
			);
			inputPaths = (
			);
			name = "[CP] Check Pods Manifest.lock";
			outputPaths = (
			);
			runOnlyForDeploymentPostprocessing = 0;
			shellPath = /bin/sh;
			shellScript = "diff \"${PODS_ROOT}/../Podfile.lock\" \"${PODS_ROOT}/Manifest.lock\" > /dev/null\nif [[ $? != 0 ]] ; then\n    cat << EOM\nerror: The sandbox is not in sync with the Podfile.lock. Run 'pod install' or update your CocoaPods installation.\nEOM\n    exit 1\nfi\n";
			showEnvVarsInLog = 0;
		};
		51F4DCEA1E6D7CE60069A8C7 /* ShellScript */ = {
			isa = PBXShellScriptBuildPhase;
			buildActionMask = 2147483647;
			files = (
			);
			inputPaths = (
			);
			outputPaths = (
			);
			runOnlyForDeploymentPostprocessing = 0;
			shellPath = /bin/sh;
			shellScript = "\"${PODS_ROOT}/Fabric/run\" 19a9a2eacc330393b337b28ae42dcc90041d6156 a166a52ad577759cd209fef62497192f1b02dcd94697799411f3eacccbd4a71b";
		};
		5F3CE673BFA0B4EF42F23A7C /* [CP] Check Pods Manifest.lock */ = {
			isa = PBXShellScriptBuildPhase;
			buildActionMask = 2147483647;
			files = (
			);
			inputPaths = (
			);
			name = "[CP] Check Pods Manifest.lock";
			outputPaths = (
			);
			runOnlyForDeploymentPostprocessing = 0;
			shellPath = /bin/sh;
			shellScript = "diff \"${PODS_ROOT}/../Podfile.lock\" \"${PODS_ROOT}/Manifest.lock\" > /dev/null\nif [[ $? != 0 ]] ; then\n    cat << EOM\nerror: The sandbox is not in sync with the Podfile.lock. Run 'pod install' or update your CocoaPods installation.\nEOM\n    exit 1\nfi\n";
			showEnvVarsInLog = 0;
		};
		7C6984E28CAE8B6F32A1678D /* [CP] Embed Pods Frameworks */ = {
			isa = PBXShellScriptBuildPhase;
			buildActionMask = 2147483647;
			files = (
			);
			inputPaths = (
			);
			name = "[CP] Embed Pods Frameworks";
			outputPaths = (
			);
			runOnlyForDeploymentPostprocessing = 0;
			shellPath = /bin/sh;
			shellScript = "\"${SRCROOT}/Pods/Target Support Files/Pods-Numerical2Tests/Pods-Numerical2Tests-frameworks.sh\"\n";
			showEnvVarsInLog = 0;
		};
		9173A527AC96546532A11649 /* [CP] Check Pods Manifest.lock */ = {
			isa = PBXShellScriptBuildPhase;
			buildActionMask = 2147483647;
			files = (
			);
			inputPaths = (
			);
			name = "[CP] Check Pods Manifest.lock";
			outputPaths = (
			);
			runOnlyForDeploymentPostprocessing = 0;
			shellPath = /bin/sh;
			shellScript = "diff \"${PODS_ROOT}/../Podfile.lock\" \"${PODS_ROOT}/Manifest.lock\" > /dev/null\nif [[ $? != 0 ]] ; then\n    cat << EOM\nerror: The sandbox is not in sync with the Podfile.lock. Run 'pod install' or update your CocoaPods installation.\nEOM\n    exit 1\nfi\n";
			showEnvVarsInLog = 0;
		};
		939AB4276A5E83E11A420786 /* [CP] Copy Pods Resources */ = {
			isa = PBXShellScriptBuildPhase;
			buildActionMask = 2147483647;
			files = (
			);
			inputPaths = (
			);
			name = "[CP] Copy Pods Resources";
			outputPaths = (
			);
			runOnlyForDeploymentPostprocessing = 0;
			shellPath = /bin/sh;
			shellScript = "\"${SRCROOT}/Pods/Target Support Files/Pods-Numerical2/Pods-Numerical2-resources.sh\"\n";
			showEnvVarsInLog = 0;
		};
		A606D864549E55BFCE06E454 /* [CP] Copy Pods Resources */ = {
			isa = PBXShellScriptBuildPhase;
			buildActionMask = 2147483647;
			files = (
			);
			inputPaths = (
			);
			name = "[CP] Copy Pods Resources";
			outputPaths = (
			);
			runOnlyForDeploymentPostprocessing = 0;
			shellPath = /bin/sh;
			shellScript = "\"${SRCROOT}/Pods/Target Support Files/Pods-Numerical2Tests/Pods-Numerical2Tests-resources.sh\"\n";
			showEnvVarsInLog = 0;
		};
		D0D57190BD0E25E31A36268E /* [CP] Embed Pods Frameworks */ = {
			isa = PBXShellScriptBuildPhase;
			buildActionMask = 2147483647;
			files = (
			);
			inputPaths = (
			);
			name = "[CP] Embed Pods Frameworks";
			outputPaths = (
			);
			runOnlyForDeploymentPostprocessing = 0;
			shellPath = /bin/sh;
			shellScript = "\"${SRCROOT}/Pods/Target Support Files/Pods-Numerical2/Pods-Numerical2-frameworks.sh\"\n";
			showEnvVarsInLog = 0;
		};
		F85A398783002BF22F9547AA /* [CP] Copy Pods Resources */ = {
			isa = PBXShellScriptBuildPhase;
			buildActionMask = 2147483647;
			files = (
			);
			inputPaths = (
			);
			name = "[CP] Copy Pods Resources";
			outputPaths = (
			);
			runOnlyForDeploymentPostprocessing = 0;
			shellPath = /bin/sh;
			shellScript = "\"${SRCROOT}/Pods/Target Support Files/Pods-Numerical2UITests/Pods-Numerical2UITests-resources.sh\"\n";
			showEnvVarsInLog = 0;
		};
/* End PBXShellScriptBuildPhase section */

/* Begin PBXSourcesBuildPhase section */
		513197081B6ADD5900E9B802 /* Sources */ = {
			isa = PBXSourcesBuildPhase;
			buildActionMask = 2147483647;
			files = (
				515DABE31DB23BE70028F2C7 /* NumericalTextField.swift in Sources */,
				510D3ABE1B6B657F00D1A07F /* Evaluator.swift in Sources */,
				511D2A941E3480EE00957ADB /* ThemeFormatter.swift in Sources */,
				512138271D96F7590042EFC1 /* Equation+CoreDataClass.swift in Sources */,
				515F5EF31DFBCA5B00E182C3 /* NumericalViewController.swift in Sources */,
				5623BDF51BD40FDB0046B84D /* Constants.swift in Sources */,
				510570831EA760B100120B6E /* QuestionCollectionView.swift in Sources */,
				512137C11D96A76F0042EFC1 /* PremiumCoordinator.swift in Sources */,
				51BE48B11E139AE3002A2B92 /* NumericalViewHelper.swift in Sources */,
				517470CE1D95D35100E70A74 /* DataKeyStore.swift in Sources */,
				5119A9E01E6D08B500F16CE1 /* SettingsCell.swift in Sources */,
				51D28B0C1B6C4B7C009A0AEC /* EquationViewController.swift in Sources */,
				516C481E1DFE74F1006E68CD /* ThemeCreatorViewController.swift in Sources */,
				510D3AC21B6B659E00D1A07F /* KeypadViewController.swift in Sources */,
				51D7A8421BBA7F2D0064AA4B /* StyleFormatter.swift in Sources */,
				51D941A41E6CFBB300844568 /* SwitchCell.swift in Sources */,
				51D28B501B6D1C0F009A0AEC /* FractionViewCell.swift in Sources */,
				510D3ABB1B6B657F00D1A07F /* CalculatorBrain.swift in Sources */,
				512138241D96F6770042EFC1 /* CoreData.xcdatamodel in Sources */,
				510D3ABF1B6B657F00D1A07F /* Glossary.swift in Sources */,
				51F24F801DEFF8550023D15E /* ThemeViewController.swift in Sources */,
				519B1B131BA0532A00C06E70 /* HistoryCell.swift in Sources */,
				51D28B121B6D100A009A0AEC /* EquationViewCell.swift in Sources */,
				513A9E051EA284690017D9A5 /* SimpleLogger.swift in Sources */,
				512137BD1D969C760042EFC1 /* NumericalHelper.swift in Sources */,
				51C40E8B1DCC167200930BFD /* SoundManager.swift in Sources */,
				51E84D311B8B5C3B00C3E28E /* CalcButton.swift in Sources */,
				512137BA1D967A730042EFC1 /* AboutViewController.swift in Sources */,
				511D2A971E3485CB00957ADB /* Theme.swift in Sources */,
				51F2F44F1B6C421B00B845CA /* WorkPanelViewController.swift in Sources */,
				51D28B0E1B6D0D2D009A0AEC /* QuestionCollectionViewController.swift in Sources */,
				51BE48BA1E13AA38002A2B92 /* UIColor+Numerical.swift in Sources */,
				512138281D96F7590042EFC1 /* Equation+CoreDataProperties.swift in Sources */,
				51C1F15D1E2C3EA400A413A7 /* TutorialViewController.swift in Sources */,
				517470CC1D95C7B000E70A74 /* EquationStore.swift in Sources */,
				518A8BA61D96FAC0001D8B12 /* HistoryViewController.swift in Sources */,
				51D3AB2F1BC89AD40019B601 /* KeypadPageViewController.swift in Sources */,
				513C77131EAE4A950037121B /* SwipePageViewController.swift in Sources */,
				510F15801DEBD6E400116A4D /* ThemeCoordinator.swift in Sources */,
				513197121B6ADD5900E9B802 /* ViewController.swift in Sources */,
				51B2A29F1D95C304002A9AD8 /* Pad.swift in Sources */,
				51C40ECE1DCC492200930BFD /* CustomDismissAnimationController.swift in Sources */,
				513197101B6ADD5900E9B802 /* AppDelegate.swift in Sources */,
				51C40ECD1DCC492200930BFD /* CustomAnimationController.swift in Sources */,
				515EB8FB1DA6A0150081D9FB /* SalesViewController.swift in Sources */,
			);
			runOnlyForDeploymentPostprocessing = 0;
		};
		5131971C1B6ADD5900E9B802 /* Sources */ = {
			isa = PBXSourcesBuildPhase;
			buildActionMask = 2147483647;
			files = (
				5117D8491B941B3D003DF8DA /* Glossary.swift in Sources */,
				5117D84A1B941B3F003DF8DA /* Evaluator.swift in Sources */,
				5117D8461B941A2B003DF8DA /* CalculatorBrain.swift in Sources */,
				513197251B6ADD5900E9B802 /* Numerical2Tests.swift in Sources */,
			);
			runOnlyForDeploymentPostprocessing = 0;
		};
		513197271B6ADD5900E9B802 /* Sources */ = {
			isa = PBXSourcesBuildPhase;
			buildActionMask = 2147483647;
			files = (
				513197301B6ADD5900E9B802 /* Numerical2UITests.swift in Sources */,
			);
			runOnlyForDeploymentPostprocessing = 0;
		};
		51BE489B1E13990B002A2B92 /* Sources */ = {
			isa = PBXSourcesBuildPhase;
			buildActionMask = 2147483647;
			files = (
				51BE48BB1E13AA41002A2B92 /* UIColor+Numerical.swift in Sources */,
				51BE48AE1E139A20002A2B92 /* Constants.swift in Sources */,
				51BE48B61E139BDF002A2B92 /* KeyboardViewController.swift in Sources */,
				51BE48AD1E139A12002A2B92 /* NumericalHelper.swift in Sources */,
				511D2A921E34760500957ADB /* StyleFormatter.swift in Sources */,
				511D2A951E3482D300957ADB /* ThemeFormatter.swift in Sources */,
				51BE48AC1E1399FB002A2B92 /* Glossary.swift in Sources */,
				511D2A981E3485D300957ADB /* Theme.swift in Sources */,
				51BE48AB1E1399FB002A2B92 /* CalculatorBrain.swift in Sources */,
				51BE48B21E139B8B002A2B92 /* Evaluator.swift in Sources */,
			);
			runOnlyForDeploymentPostprocessing = 0;
		};
/* End PBXSourcesBuildPhase section */

/* Begin PBXTargetDependency section */
		513197221B6ADD5900E9B802 /* PBXTargetDependency */ = {
			isa = PBXTargetDependency;
			target = 5131970B1B6ADD5900E9B802 /* Numerical2 */;
			targetProxy = 513197211B6ADD5900E9B802 /* PBXContainerItemProxy */;
		};
		5131972D1B6ADD5900E9B802 /* PBXTargetDependency */ = {
			isa = PBXTargetDependency;
			target = 5131970B1B6ADD5900E9B802 /* Numerical2 */;
			targetProxy = 5131972C1B6ADD5900E9B802 /* PBXContainerItemProxy */;
		};
		51BE48A51E13990C002A2B92 /* PBXTargetDependency */ = {
			isa = PBXTargetDependency;
			target = 51BE489E1E13990B002A2B92 /* Keyboard */;
			targetProxy = 51BE48A41E13990C002A2B92 /* PBXContainerItemProxy */;
		};
/* End PBXTargetDependency section */

/* Begin PBXVariantGroup section */
		513197131B6ADD5900E9B802 /* Main.storyboard */ = {
			isa = PBXVariantGroup;
			children = (
				513197141B6ADD5900E9B802 /* Base */,
			);
			name = Main.storyboard;
			sourceTree = "<group>";
		};
		513197181B6ADD5900E9B802 /* LaunchScreen.storyboard */ = {
			isa = PBXVariantGroup;
			children = (
				513197191B6ADD5900E9B802 /* Base */,
			);
			name = LaunchScreen.storyboard;
			sourceTree = "<group>";
		};
/* End PBXVariantGroup section */

/* Begin XCBuildConfiguration section */
		513197321B6ADD5900E9B802 /* Debug */ = {
			isa = XCBuildConfiguration;
			buildSettings = {
				ALWAYS_SEARCH_USER_PATHS = NO;
				CLANG_CXX_LANGUAGE_STANDARD = "gnu++0x";
				CLANG_CXX_LIBRARY = "libc++";
				CLANG_ENABLE_MODULES = YES;
				CLANG_ENABLE_OBJC_ARC = YES;
				CLANG_WARN_BOOL_CONVERSION = YES;
				CLANG_WARN_CONSTANT_CONVERSION = YES;
				CLANG_WARN_DIRECT_OBJC_ISA_USAGE = YES_ERROR;
				CLANG_WARN_EMPTY_BODY = YES;
				CLANG_WARN_ENUM_CONVERSION = YES;
				CLANG_WARN_INT_CONVERSION = YES;
				CLANG_WARN_OBJC_ROOT_CLASS = YES_ERROR;
				CLANG_WARN_UNREACHABLE_CODE = YES;
				CLANG_WARN__DUPLICATE_METHOD_MATCH = YES;
				"CODE_SIGN_IDENTITY[sdk=iphoneos*]" = "iPhone Developer";
				COPY_PHASE_STRIP = NO;
				DEBUG_INFORMATION_FORMAT = dwarf;
				ENABLE_STRICT_OBJC_MSGSEND = YES;
				ENABLE_TESTABILITY = YES;
				GCC_C_LANGUAGE_STANDARD = gnu99;
				GCC_DYNAMIC_NO_PIC = NO;
				GCC_NO_COMMON_BLOCKS = YES;
				GCC_OPTIMIZATION_LEVEL = 0;
				GCC_PREPROCESSOR_DEFINITIONS = (
					"DEBUG=1",
					"$(inherited)",
				);
				GCC_WARN_64_TO_32_BIT_CONVERSION = YES;
				GCC_WARN_ABOUT_RETURN_TYPE = YES_ERROR;
				GCC_WARN_UNDECLARED_SELECTOR = YES;
				GCC_WARN_UNINITIALIZED_AUTOS = YES_AGGRESSIVE;
				GCC_WARN_UNUSED_FUNCTION = YES;
				GCC_WARN_UNUSED_VARIABLE = YES;
				IPHONEOS_DEPLOYMENT_TARGET = 9.0;
				MTL_ENABLE_DEBUG_INFO = YES;
				ONLY_ACTIVE_ARCH = YES;
				SDKROOT = iphoneos;
				SWIFT_OPTIMIZATION_LEVEL = "-Onone";
				TARGETED_DEVICE_FAMILY = "1,2";
			};
			name = Debug;
		};
		513197331B6ADD5900E9B802 /* Release */ = {
			isa = XCBuildConfiguration;
			buildSettings = {
				ALWAYS_SEARCH_USER_PATHS = NO;
				CLANG_CXX_LANGUAGE_STANDARD = "gnu++0x";
				CLANG_CXX_LIBRARY = "libc++";
				CLANG_ENABLE_MODULES = YES;
				CLANG_ENABLE_OBJC_ARC = YES;
				CLANG_WARN_BOOL_CONVERSION = YES;
				CLANG_WARN_CONSTANT_CONVERSION = YES;
				CLANG_WARN_DIRECT_OBJC_ISA_USAGE = YES_ERROR;
				CLANG_WARN_EMPTY_BODY = YES;
				CLANG_WARN_ENUM_CONVERSION = YES;
				CLANG_WARN_INT_CONVERSION = YES;
				CLANG_WARN_OBJC_ROOT_CLASS = YES_ERROR;
				CLANG_WARN_UNREACHABLE_CODE = YES;
				CLANG_WARN__DUPLICATE_METHOD_MATCH = YES;
				"CODE_SIGN_IDENTITY[sdk=iphoneos*]" = "iPhone Developer";
				COPY_PHASE_STRIP = NO;
				DEBUG_INFORMATION_FORMAT = "dwarf-with-dsym";
				ENABLE_NS_ASSERTIONS = NO;
				ENABLE_STRICT_OBJC_MSGSEND = YES;
				GCC_C_LANGUAGE_STANDARD = gnu99;
				GCC_NO_COMMON_BLOCKS = YES;
				GCC_WARN_64_TO_32_BIT_CONVERSION = YES;
				GCC_WARN_ABOUT_RETURN_TYPE = YES_ERROR;
				GCC_WARN_UNDECLARED_SELECTOR = YES;
				GCC_WARN_UNINITIALIZED_AUTOS = YES_AGGRESSIVE;
				GCC_WARN_UNUSED_FUNCTION = YES;
				GCC_WARN_UNUSED_VARIABLE = YES;
				IPHONEOS_DEPLOYMENT_TARGET = 9.0;
				MTL_ENABLE_DEBUG_INFO = NO;
				SDKROOT = iphoneos;
				TARGETED_DEVICE_FAMILY = "1,2";
				VALIDATE_PRODUCT = YES;
			};
			name = Release;
		};
		513197351B6ADD5900E9B802 /* Debug */ = {
			isa = XCBuildConfiguration;
			baseConfigurationReference = DE44702C7F1AB0DB7AD50950 /* Pods-Numerical2.debug.xcconfig */;
			buildSettings = {
				ALWAYS_EMBED_SWIFT_STANDARD_LIBRARIES = YES;
				ASSETCATALOG_COMPILER_APPICON_NAME = AppIcon;
				CLANG_ENABLE_MODULES = YES;
				CODE_SIGN_ENTITLEMENTS = Numerical2/Numerical2.entitlements;
				CODE_SIGN_IDENTITY = "iPhone Developer";
				"CODE_SIGN_IDENTITY[sdk=iphoneos*]" = "iPhone Developer";
				DEBUG_INFORMATION_FORMAT = "dwarf-with-dsym";
				DEVELOPMENT_TEAM = C583RN882K;
				ENABLE_BITCODE = NO;
				FRAMEWORK_SEARCH_PATHS = (
					"$(inherited)",
					"$(PROJECT_DIR)/Numerical2/Framework",
				);
				INFOPLIST_FILE = Numerical2/Info.plist;
				IPHONEOS_DEPLOYMENT_TARGET = 10.0;
				LD_RUNPATH_SEARCH_PATHS = "$(inherited) @executable_path/Frameworks";
				PRODUCT_BUNDLE_IDENTIFIER = com.andrewjclark.numericalapp;
				PRODUCT_NAME = "$(TARGET_NAME)";
				PROVISIONING_PROFILE = "";
				SWIFT_OBJC_BRIDGING_HEADER = "Numerical2/Framework/Numerical2-Bridging-Header.h";
				SWIFT_OPTIMIZATION_LEVEL = "-Onone";
				SWIFT_VERSION = 3.0;
				TARGETED_DEVICE_FAMILY = "1,2";
			};
			name = Debug;
		};
		513197361B6ADD5900E9B802 /* Release */ = {
			isa = XCBuildConfiguration;
			baseConfigurationReference = 38E3580757802F55FE75C212 /* Pods-Numerical2.release.xcconfig */;
			buildSettings = {
				ALWAYS_EMBED_SWIFT_STANDARD_LIBRARIES = YES;
				ASSETCATALOG_COMPILER_APPICON_NAME = AppIcon;
				CLANG_ENABLE_MODULES = YES;
				CODE_SIGN_ENTITLEMENTS = Numerical2/Numerical2.entitlements;
				CODE_SIGN_IDENTITY = "iPhone Developer";
				"CODE_SIGN_IDENTITY[sdk=iphoneos*]" = "iPhone Developer";
				DEVELOPMENT_TEAM = C583RN882K;
				ENABLE_BITCODE = NO;
				FRAMEWORK_SEARCH_PATHS = (
					"$(inherited)",
					"$(PROJECT_DIR)/Numerical2/Framework",
				);
				INFOPLIST_FILE = Numerical2/Info.plist;
				IPHONEOS_DEPLOYMENT_TARGET = 10.0;
				LD_RUNPATH_SEARCH_PATHS = "$(inherited) @executable_path/Frameworks";
				PRODUCT_BUNDLE_IDENTIFIER = com.andrewjclark.numericalapp;
				PRODUCT_NAME = "$(TARGET_NAME)";
				PROVISIONING_PROFILE = "";
				SWIFT_OBJC_BRIDGING_HEADER = "Numerical2/Framework/Numerical2-Bridging-Header.h";
				SWIFT_VERSION = 3.0;
				TARGETED_DEVICE_FAMILY = "1,2";
			};
			name = Release;
		};
		513197381B6ADD5900E9B802 /* Debug */ = {
			isa = XCBuildConfiguration;
			baseConfigurationReference = A0968981D885DCD0E6A3BABD /* Pods-Numerical2Tests.debug.xcconfig */;
			buildSettings = {
				BUNDLE_LOADER = "$(TEST_HOST)";
				INFOPLIST_FILE = Numerical2Tests/Info.plist;
				LD_RUNPATH_SEARCH_PATHS = "$(inherited) @executable_path/Frameworks @loader_path/Frameworks";
				PRODUCT_BUNDLE_IDENTIFIER = com.andrewjclark.Numerical2Tests;
				PRODUCT_NAME = "$(TARGET_NAME)";
				SWIFT_VERSION = 3.0;
				TEST_HOST = "$(BUILT_PRODUCTS_DIR)/Numerical2.app/Numerical2";
			};
			name = Debug;
		};
		513197391B6ADD5900E9B802 /* Release */ = {
			isa = XCBuildConfiguration;
			baseConfigurationReference = AAB9070A709EE92546248226 /* Pods-Numerical2Tests.release.xcconfig */;
			buildSettings = {
				BUNDLE_LOADER = "$(TEST_HOST)";
				INFOPLIST_FILE = Numerical2Tests/Info.plist;
				LD_RUNPATH_SEARCH_PATHS = "$(inherited) @executable_path/Frameworks @loader_path/Frameworks";
				PRODUCT_BUNDLE_IDENTIFIER = com.andrewjclark.Numerical2Tests;
				PRODUCT_NAME = "$(TARGET_NAME)";
				SWIFT_VERSION = 3.0;
				TEST_HOST = "$(BUILT_PRODUCTS_DIR)/Numerical2.app/Numerical2";
			};
			name = Release;
		};
		5131973B1B6ADD5900E9B802 /* Debug */ = {
			isa = XCBuildConfiguration;
			baseConfigurationReference = 6F74213251A4369F2E2DF58E /* Pods-Numerical2UITests.debug.xcconfig */;
			buildSettings = {
				INFOPLIST_FILE = Numerical2UITests/Info.plist;
				LD_RUNPATH_SEARCH_PATHS = "$(inherited) @executable_path/Frameworks @loader_path/Frameworks";
				PRODUCT_BUNDLE_IDENTIFIER = com.andrewjclark.Numerical2UITests;
				PRODUCT_NAME = "$(TARGET_NAME)";
				SWIFT_VERSION = 3.0;
				TEST_TARGET_NAME = Numerical2;
				USES_XCTRUNNER = YES;
			};
			name = Debug;
		};
		5131973C1B6ADD5900E9B802 /* Release */ = {
			isa = XCBuildConfiguration;
			baseConfigurationReference = B5A1B41697B8799FB539939F /* Pods-Numerical2UITests.release.xcconfig */;
			buildSettings = {
				INFOPLIST_FILE = Numerical2UITests/Info.plist;
				LD_RUNPATH_SEARCH_PATHS = "$(inherited) @executable_path/Frameworks @loader_path/Frameworks";
				PRODUCT_BUNDLE_IDENTIFIER = com.andrewjclark.Numerical2UITests;
				PRODUCT_NAME = "$(TARGET_NAME)";
				SWIFT_VERSION = 3.0;
				TEST_TARGET_NAME = Numerical2;
				USES_XCTRUNNER = YES;
			};
			name = Release;
		};
		51BE48A71E13990C002A2B92 /* Debug */ = {
			isa = XCBuildConfiguration;
			buildSettings = {
				CLANG_ANALYZER_NONNULL = YES;
				CLANG_WARN_DOCUMENTATION_COMMENTS = YES;
				CLANG_WARN_INFINITE_RECURSION = YES;
				CLANG_WARN_SUSPICIOUS_MOVE = YES;
				CODE_SIGN_ENTITLEMENTS = Keyboard/Keyboard.entitlements;
				CODE_SIGN_IDENTITY = "iPhone Developer";
				"CODE_SIGN_IDENTITY[sdk=iphoneos*]" = "iPhone Developer";
				DEVELOPMENT_TEAM = C583RN882K;
				INFOPLIST_FILE = Keyboard/Info.plist;
				IPHONEOS_DEPLOYMENT_TARGET = 10.2;
				LD_RUNPATH_SEARCH_PATHS = "$(inherited) @executable_path/Frameworks @executable_path/../../Frameworks";
				PRODUCT_BUNDLE_IDENTIFIER = com.andrewjclark.numericalapp.Keyboard;
				PRODUCT_NAME = "$(TARGET_NAME)";
				SKIP_INSTALL = YES;
				SWIFT_ACTIVE_COMPILATION_CONDITIONS = DEBUG;
				SWIFT_VERSION = 3.0;
			};
			name = Debug;
		};
		51BE48A81E13990C002A2B92 /* Release */ = {
			isa = XCBuildConfiguration;
			buildSettings = {
				CLANG_ANALYZER_NONNULL = YES;
				CLANG_WARN_DOCUMENTATION_COMMENTS = YES;
				CLANG_WARN_INFINITE_RECURSION = YES;
				CLANG_WARN_SUSPICIOUS_MOVE = YES;
				CODE_SIGN_ENTITLEMENTS = Keyboard/Keyboard.entitlements;
				CODE_SIGN_IDENTITY = "iPhone Developer";
				"CODE_SIGN_IDENTITY[sdk=iphoneos*]" = "iPhone Developer";
				DEVELOPMENT_TEAM = C583RN882K;
				INFOPLIST_FILE = Keyboard/Info.plist;
				IPHONEOS_DEPLOYMENT_TARGET = 10.2;
				LD_RUNPATH_SEARCH_PATHS = "$(inherited) @executable_path/Frameworks @executable_path/../../Frameworks";
				PRODUCT_BUNDLE_IDENTIFIER = com.andrewjclark.numericalapp.Keyboard;
				PRODUCT_NAME = "$(TARGET_NAME)";
				SKIP_INSTALL = YES;
				SWIFT_OPTIMIZATION_LEVEL = "-Owholemodule";
				SWIFT_VERSION = 3.0;
			};
			name = Release;
		};
/* End XCBuildConfiguration section */

/* Begin XCConfigurationList section */
		513197071B6ADD5900E9B802 /* Build configuration list for PBXProject "Numerical2" */ = {
			isa = XCConfigurationList;
			buildConfigurations = (
				513197321B6ADD5900E9B802 /* Debug */,
				513197331B6ADD5900E9B802 /* Release */,
			);
			defaultConfigurationIsVisible = 0;
			defaultConfigurationName = Release;
		};
		513197341B6ADD5900E9B802 /* Build configuration list for PBXNativeTarget "Numerical2" */ = {
			isa = XCConfigurationList;
			buildConfigurations = (
				513197351B6ADD5900E9B802 /* Debug */,
				513197361B6ADD5900E9B802 /* Release */,
			);
			defaultConfigurationIsVisible = 0;
			defaultConfigurationName = Release;
		};
		513197371B6ADD5900E9B802 /* Build configuration list for PBXNativeTarget "Numerical2Tests" */ = {
			isa = XCConfigurationList;
			buildConfigurations = (
				513197381B6ADD5900E9B802 /* Debug */,
				513197391B6ADD5900E9B802 /* Release */,
			);
			defaultConfigurationIsVisible = 0;
			defaultConfigurationName = Release;
		};
		5131973A1B6ADD5900E9B802 /* Build configuration list for PBXNativeTarget "Numerical2UITests" */ = {
			isa = XCConfigurationList;
			buildConfigurations = (
				5131973B1B6ADD5900E9B802 /* Debug */,
				5131973C1B6ADD5900E9B802 /* Release */,
			);
			defaultConfigurationIsVisible = 0;
			defaultConfigurationName = Release;
		};
		51BE48A91E13990C002A2B92 /* Build configuration list for PBXNativeTarget "Keyboard" */ = {
			isa = XCConfigurationList;
			buildConfigurations = (
				51BE48A71E13990C002A2B92 /* Debug */,
				51BE48A81E13990C002A2B92 /* Release */,
			);
			defaultConfigurationIsVisible = 0;
			defaultConfigurationName = Release;
		};
/* End XCConfigurationList section */
	};
	rootObject = 513197041B6ADD5900E9B802 /* Project object */;
}
